// !$*UTF8*$!
{
	archiveVersion = 1;
	classes = {
	};
	objectVersion = 51;
	objects = {

/* Begin PBXBuildFile section */
		236E198C2670F380001A9C46 /* UITableViewEx.swift in Sources */ = {isa = PBXBuildFile; fileRef = 236E198A2670F380001A9C46 /* UITableViewEx.swift */; };
		236E198D2670F380001A9C46 /* UICollectionViewEx.swift in Sources */ = {isa = PBXBuildFile; fileRef = 236E198B2670F380001A9C46 /* UICollectionViewEx.swift */; };
		23E16A232667A819001048E5 /* GalleryPickerHelper.swift in Sources */ = {isa = PBXBuildFile; fileRef = 23E16A202667A819001048E5 /* GalleryPickerHelper.swift */; };
		23E16A2B2667A843001048E5 /* GalleryPickerDelegate.swift in Sources */ = {isa = PBXBuildFile; fileRef = 23E16A2A2667A843001048E5 /* GalleryPickerDelegate.swift */; };
		7712A2142538728B0072BAEC /* R.generated.swift in Sources */ = {isa = PBXBuildFile; fileRef = 7712A2132538728B0072BAEC /* R.generated.swift */; };
		77569F38253482C700BFE53C /* Localizable.strings in Resources */ = {isa = PBXBuildFile; fileRef = 77569F36253482C700BFE53C /* Localizable.strings */; };
		7756A07B253482EF00BFE53C /* User.swift in Sources */ = {isa = PBXBuildFile; fileRef = 77569F77253482EE00BFE53C /* User.swift */; };
		7756A07C253482EF00BFE53C /* BaseModel.swift in Sources */ = {isa = PBXBuildFile; fileRef = 77569F78253482EE00BFE53C /* BaseModel.swift */; };
		7756A07D253482EF00BFE53C /* Errors.swift in Sources */ = {isa = PBXBuildFile; fileRef = 77569F79253482EE00BFE53C /* Errors.swift */; };
		7756A087253482EF00BFE53C /* Authorization.swift in Sources */ = {isa = PBXBuildFile; fileRef = 77569F87253482EE00BFE53C /* Authorization.swift */; };
		7756A089253482EF00BFE53C /* Downloader.swift in Sources */ = {isa = PBXBuildFile; fileRef = 77569F89253482EE00BFE53C /* Downloader.swift */; };
		7756A08A253482EF00BFE53C /* Paginator.swift in Sources */ = {isa = PBXBuildFile; fileRef = 77569F8A253482EE00BFE53C /* Paginator.swift */; };
		7756A08B253482EF00BFE53C /* ApiHelpers.swift in Sources */ = {isa = PBXBuildFile; fileRef = 77569F8B253482EE00BFE53C /* ApiHelpers.swift */; };
		7756A08C253482EF00BFE53C /* BaseNetworkManager.swift in Sources */ = {isa = PBXBuildFile; fileRef = 77569F8C253482EE00BFE53C /* BaseNetworkManager.swift */; };
		7756A08D253482EF00BFE53C /* NetworkManager.swift in Sources */ = {isa = PBXBuildFile; fileRef = 77569F8D253482EE00BFE53C /* NetworkManager.swift */; };
		7756A08E253482EF00BFE53C /* NetworkConfigration.swift in Sources */ = {isa = PBXBuildFile; fileRef = 77569F8E253482EE00BFE53C /* NetworkConfigration.swift */; };
		7756A093253482EF00BFE53C /* UIView+AutoLayoutHelper.swift in Sources */ = {isa = PBXBuildFile; fileRef = 77569F97253482EE00BFE53C /* UIView+AutoLayoutHelper.swift */; };
		7756A094253482EF00BFE53C /* RadioView.swift in Sources */ = {isa = PBXBuildFile; fileRef = 77569F99253482EE00BFE53C /* RadioView.swift */; };
		7756A095253482EF00BFE53C /* Radio.xib in Resources */ = {isa = PBXBuildFile; fileRef = 77569F9A253482EE00BFE53C /* Radio.xib */; };
		7756A096253482EF00BFE53C /* RadioView.xib in Resources */ = {isa = PBXBuildFile; fileRef = 77569F9B253482EE00BFE53C /* RadioView.xib */; };
		7756A097253482EF00BFE53C /* RadioButton.swift in Sources */ = {isa = PBXBuildFile; fileRef = 77569F9C253482EE00BFE53C /* RadioButton.swift */; };
		7756A0AC253482EF00BFE53C /* UIFont.swift in Sources */ = {isa = PBXBuildFile; fileRef = 77569FB9253482EE00BFE53C /* UIFont.swift */; };
		7756A0F6253482EF00BFE53C /* PublicHelper.swift in Sources */ = {isa = PBXBuildFile; fileRef = 7756A015253482EE00BFE53C /* PublicHelper.swift */; };
		7756A0F7253482EF00BFE53C /* AlertableHelper.swift in Sources */ = {isa = PBXBuildFile; fileRef = 7756A016253482EE00BFE53C /* AlertableHelper.swift */; };
		7756A0F8253482EF00BFE53C /* NavigateMapHelper.swift in Sources */ = {isa = PBXBuildFile; fileRef = 7756A017253482EE00BFE53C /* NavigateMapHelper.swift */; };
		7756A10C253482EF00BFE53C /* Localization.swift in Sources */ = {isa = PBXBuildFile; fileRef = 7756A02F253482EE00BFE53C /* Localization.swift */; };
		7756A10E253482EF00BFE53C /* LanguangeEnum.swift in Sources */ = {isa = PBXBuildFile; fileRef = 7756A031253482EE00BFE53C /* LanguangeEnum.swift */; };
		7756A110253482EF00BFE53C /* UILocalizationExtensions.swift in Sources */ = {isa = PBXBuildFile; fileRef = 7756A033253482EE00BFE53C /* UILocalizationExtensions.swift */; };
		7756A112253482EF00BFE53C /* PresenterProtocol.swift in Sources */ = {isa = PBXBuildFile; fileRef = 7756A037253482EF00BFE53C /* PresenterProtocol.swift */; };
		7756A113253482EF00BFE53C /* BasePresenter.swift in Sources */ = {isa = PBXBuildFile; fileRef = 7756A038253482EF00BFE53C /* BasePresenter.swift */; };
		7756A115253482EF00BFE53C /* BaseController.swift in Sources */ = {isa = PBXBuildFile; fileRef = 7756A03C253482EF00BFE53C /* BaseController.swift */; };
		7756A116253482EF00BFE53C /* PresentingViewProtocol.swift in Sources */ = {isa = PBXBuildFile; fileRef = 7756A03D253482EF00BFE53C /* PresentingViewProtocol.swift */; };
		7756A117253482EF00BFE53C /* BaseViewControllerProtocol.swift in Sources */ = {isa = PBXBuildFile; fileRef = 7756A03E253482EF00BFE53C /* BaseViewControllerProtocol.swift */; };
		7756A118253482EF00BFE53C /* POPUPViewController.swift in Sources */ = {isa = PBXBuildFile; fileRef = 7756A03F253482EF00BFE53C /* POPUPViewController.swift */; };
		7756A11B253482EF00BFE53C /* ExtensionUITableViewCell.swift in Sources */ = {isa = PBXBuildFile; fileRef = 7756A044253482EF00BFE53C /* ExtensionUITableViewCell.swift */; };
		7756A11C253482EF00BFE53C /* CellProtocol.swift in Sources */ = {isa = PBXBuildFile; fileRef = 7756A045253482EF00BFE53C /* CellProtocol.swift */; };
		7756A11D253482EF00BFE53C /* ExtensionUICollectionViewCell.swift in Sources */ = {isa = PBXBuildFile; fileRef = 7756A046253482EF00BFE53C /* ExtensionUICollectionViewCell.swift */; };
		7756A123253486D600BFE53C /* Colors.xcassets in Resources */ = {isa = PBXBuildFile; fileRef = 7756A122253486D600BFE53C /* Colors.xcassets */; };
		7756A15825348AD400BFE53C /* UISearchBarExtensions.swift in Sources */ = {isa = PBXBuildFile; fileRef = 7756A12725348AD400BFE53C /* UISearchBarExtensions.swift */; };
		7756A15925348AD400BFE53C /* UITableViewExtensions.swift in Sources */ = {isa = PBXBuildFile; fileRef = 7756A12825348AD400BFE53C /* UITableViewExtensions.swift */; };
		7756A15B25348AD400BFE53C /* UITextFieldExtensions.swift in Sources */ = {isa = PBXBuildFile; fileRef = 7756A12A25348AD400BFE53C /* UITextFieldExtensions.swift */; };
		7756A15C25348AD400BFE53C /* FloatingLabelTextField.swift in Sources */ = {isa = PBXBuildFile; fileRef = 7756A12B25348AD400BFE53C /* FloatingLabelTextField.swift */; };
		7756A15F25348AD400BFE53C /* UICollectionViewExtensions.swift in Sources */ = {isa = PBXBuildFile; fileRef = 7756A12E25348AD400BFE53C /* UICollectionViewExtensions.swift */; };
		7756A16125348AD400BFE53C /* UIConstraintLayoutExtension.swift in Sources */ = {isa = PBXBuildFile; fileRef = 7756A13025348AD400BFE53C /* UIConstraintLayoutExtension.swift */; };
		7756A16825348AD400BFE53C /* UIViewControllerExtensions.swift in Sources */ = {isa = PBXBuildFile; fileRef = 7756A13725348AD400BFE53C /* UIViewControllerExtensions.swift */; };
		7756A16925348AD400BFE53C /* UIImageExtensions.swift in Sources */ = {isa = PBXBuildFile; fileRef = 7756A13825348AD400BFE53C /* UIImageExtensions.swift */; };
		7756A16A25348AD400BFE53C /* UINavigationControllerExtensions.swift in Sources */ = {isa = PBXBuildFile; fileRef = 7756A13925348AD400BFE53C /* UINavigationControllerExtensions.swift */; };
		7756A16B25348AD400BFE53C /* UIViewExtensions.swift in Sources */ = {isa = PBXBuildFile; fileRef = 7756A13A25348AD400BFE53C /* UIViewExtensions.swift */; };
		7756A16E25348AD400BFE53C /* UISwitchExtensions.swift in Sources */ = {isa = PBXBuildFile; fileRef = 7756A13D25348AD400BFE53C /* UISwitchExtensions.swift */; };
		7756A17025348AD400BFE53C /* UIApplicationExtensions.swift in Sources */ = {isa = PBXBuildFile; fileRef = 7756A13F25348AD400BFE53C /* UIApplicationExtensions.swift */; };
		7756A17125348AD400BFE53C /* UIImageViewExtensions.swift in Sources */ = {isa = PBXBuildFile; fileRef = 7756A14025348AD400BFE53C /* UIImageViewExtensions.swift */; };
		7756A17225348AD400BFE53C /* UIAlertControllerExtensions.swift in Sources */ = {isa = PBXBuildFile; fileRef = 7756A14125348AD400BFE53C /* UIAlertControllerExtensions.swift */; };
		7756A17625348AD400BFE53C /* SignedIntegerExtensions.swift in Sources */ = {isa = PBXBuildFile; fileRef = 7756A14625348AD400BFE53C /* SignedIntegerExtensions.swift */; };
		7756A17725348AD400BFE53C /* ArrayExtensions.swift in Sources */ = {isa = PBXBuildFile; fileRef = 7756A14725348AD400BFE53C /* ArrayExtensions.swift */; };
		7756A17825348AD400BFE53C /* StringProtocolExtensions.swift in Sources */ = {isa = PBXBuildFile; fileRef = 7756A14825348AD400BFE53C /* StringProtocolExtensions.swift */; };
		7756A17925348AD400BFE53C /* FloatExtensions.swift in Sources */ = {isa = PBXBuildFile; fileRef = 7756A14925348AD400BFE53C /* FloatExtensions.swift */; };
		7756A17A25348AD400BFE53C /* SequenceExtensions.swift in Sources */ = {isa = PBXBuildFile; fileRef = 7756A14A25348AD400BFE53C /* SequenceExtensions.swift */; };
		7756A17B25348AD400BFE53C /* SignedNumericExtensions.swift in Sources */ = {isa = PBXBuildFile; fileRef = 7756A14B25348AD400BFE53C /* SignedNumericExtensions.swift */; };
		7756A17C25348AD400BFE53C /* DictionaryExtensions.swift in Sources */ = {isa = PBXBuildFile; fileRef = 7756A14C25348AD400BFE53C /* DictionaryExtensions.swift */; };
		7756A17D25348AD400BFE53C /* StringExtensions.swift in Sources */ = {isa = PBXBuildFile; fileRef = 7756A14D25348AD400BFE53C /* StringExtensions.swift */; };
		7756A17E25348AD400BFE53C /* BoolExtensions.swift in Sources */ = {isa = PBXBuildFile; fileRef = 7756A14E25348AD400BFE53C /* BoolExtensions.swift */; };
		7756A17F25348AD400BFE53C /* DoubleExtensions.swift in Sources */ = {isa = PBXBuildFile; fileRef = 7756A14F25348AD400BFE53C /* DoubleExtensions.swift */; };
		7756A18025348AD400BFE53C /* CharacterExtensions.swift in Sources */ = {isa = PBXBuildFile; fileRef = 7756A15025348AD400BFE53C /* CharacterExtensions.swift */; };
		7756A18125348AD400BFE53C /* FloatingPointExtensions.swift in Sources */ = {isa = PBXBuildFile; fileRef = 7756A15125348AD400BFE53C /* FloatingPointExtensions.swift */; };
		7756A18225348AD400BFE53C /* IntExtensions.swift in Sources */ = {isa = PBXBuildFile; fileRef = 7756A15225348AD400BFE53C /* IntExtensions.swift */; };
		7756A18325348AD400BFE53C /* OptionalExtensions.swift in Sources */ = {isa = PBXBuildFile; fileRef = 7756A15325348AD400BFE53C /* OptionalExtensions.swift */; };
		7756A18425348AD400BFE53C /* CollectionExtensions.swift in Sources */ = {isa = PBXBuildFile; fileRef = 7756A15425348AD400BFE53C /* CollectionExtensions.swift */; };
		7756A18525348AD400BFE53C /* SwiftStdlibDeprecated.swift in Sources */ = {isa = PBXBuildFile; fileRef = 7756A15625348AD400BFE53C /* SwiftStdlibDeprecated.swift */; };
		779030BE2534A34E00CFF76A /* TokenModel.swift in Sources */ = {isa = PBXBuildFile; fileRef = 779030BD2534A34E00CFF76A /* TokenModel.swift */; };
		779030C12534A53000CFF76A /* Router.swift in Sources */ = {isa = PBXBuildFile; fileRef = 779030C02534A53000CFF76A /* Router.swift */; };
		77C5F49B2534814100E70C4C /* AppDelegate.swift in Sources */ = {isa = PBXBuildFile; fileRef = 77C5F49A2534814100E70C4C /* AppDelegate.swift */; };
		77C5F4A72534814200E70C4C /* Assets.xcassets in Resources */ = {isa = PBXBuildFile; fileRef = 77C5F4A62534814200E70C4C /* Assets.xcassets */; };
		77C5F4AA2534814200E70C4C /* LaunchScreen.storyboard in Resources */ = {isa = PBXBuildFile; fileRef = 77C5F4A82534814200E70C4C /* LaunchScreen.storyboard */; };
		77D130BC2535C2D800004E81 /* NetworkResponse.swift in Sources */ = {isa = PBXBuildFile; fileRef = 77D130BB2535C2D800004E81 /* NetworkResponse.swift */; };
		77D130BE2535C79F00004E81 /* NetworkError.swift in Sources */ = {isa = PBXBuildFile; fileRef = 77D130BD2535C79F00004E81 /* NetworkError.swift */; };
		77F67C27253C15030004318A /* RouterProtocol.swift in Sources */ = {isa = PBXBuildFile; fileRef = 77F67C26253C15030004318A /* RouterProtocol.swift */; };
		C82A28F4266FB2D40079D5DA /* SearchViewPickerContract.swift in Sources */ = {isa = PBXBuildFile; fileRef = C82A28F3266FB2D40079D5DA /* SearchViewPickerContract.swift */; };
		C82A28F9266FB79E0079D5DA /* SearchViewPicker.swift in Sources */ = {isa = PBXBuildFile; fileRef = C82A28F7266FB79E0079D5DA /* SearchViewPicker.swift */; };
		C82A28FA266FB79E0079D5DA /* SearchViewPicker.xib in Resources */ = {isa = PBXBuildFile; fileRef = C82A28F8266FB79E0079D5DA /* SearchViewPicker.xib */; };
		C8489AAF2677AD8100C56B9B /* StoredDefaults.swift in Sources */ = {isa = PBXBuildFile; fileRef = C8489AAE2677AD8100C56B9B /* StoredDefaults.swift */; };
		C8489AB32677ADA400C56B9B /* Defaults.swift in Sources */ = {isa = PBXBuildFile; fileRef = C8489AB22677ADA400C56B9B /* Defaults.swift */; };
		C86BF911266945C4002D87BC /* LocationHelper.swift in Sources */ = {isa = PBXBuildFile; fileRef = C86BF910266945C4002D87BC /* LocationHelper.swift */; };
		C86BF914266945E3002D87BC /* LocationDelegate.swift in Sources */ = {isa = PBXBuildFile; fileRef = C86BF913266945E3002D87BC /* LocationDelegate.swift */; };
		C86BF91A2669473D002D87BC /* DateExtension.swift in Sources */ = {isa = PBXBuildFile; fileRef = C86BF9182669473D002D87BC /* DateExtension.swift */; };
		C86BF91B2669473D002D87BC /* DateHelper.swift in Sources */ = {isa = PBXBuildFile; fileRef = C86BF9192669473D002D87BC /* DateHelper.swift */; };
		C86BF91F26694765002D87BC /* UITabHelper.swift in Sources */ = {isa = PBXBuildFile; fileRef = C86BF91E26694765002D87BC /* UITabHelper.swift */; };
		C86BF9CF26694943002D87BC /* UserDefault.swift in Sources */ = {isa = PBXBuildFile; fileRef = C86BF9CE26694943002D87BC /* UserDefault.swift */; };
		C86BF9D3266949DE002D87BC /* CheckBox.swift in Sources */ = {isa = PBXBuildFile; fileRef = C86BF9D2266949DE002D87BC /* CheckBox.swift */; };
		C871480D266E691600AD75E8 /* Reachability.swift in Sources */ = {isa = PBXBuildFile; fileRef = C871480C266E691600AD75E8 /* Reachability.swift */; };
		C8BABEBA26663CC00080B058 /* UIViewController+EX.swift in Sources */ = {isa = PBXBuildFile; fileRef = C8BABEB926663CC00080B058 /* UIViewController+EX.swift */; };
		C8BABEE526663D100080B058 /* ThemeApp.swift in Sources */ = {isa = PBXBuildFile; fileRef = C8BABEBE26663D100080B058 /* ThemeApp.swift */; };
		C8BABEE626663D100080B058 /* MaintanceScreenContract.swift in Sources */ = {isa = PBXBuildFile; fileRef = C8BABEC026663D100080B058 /* MaintanceScreenContract.swift */; };
		C8BABEE726663D100080B058 /* MaintanceScreen.swift in Sources */ = {isa = PBXBuildFile; fileRef = C8BABEC126663D100080B058 /* MaintanceScreen.swift */; };
		C8BABEE826663D100080B058 /* MaintanceScreen.xib in Resources */ = {isa = PBXBuildFile; fileRef = C8BABEC226663D100080B058 /* MaintanceScreen.xib */; };
		C8BABEF826663D100080B058 /* EmptyScreen.swift in Sources */ = {isa = PBXBuildFile; fileRef = C8BABED726663D100080B058 /* EmptyScreen.swift */; };
		C8BABEF926663D100080B058 /* EmptyScreen.xib in Resources */ = {isa = PBXBuildFile; fileRef = C8BABED826663D100080B058 /* EmptyScreen.xib */; };
		C8BABEFA26663D100080B058 /* EmptyScreenContract.swift in Sources */ = {isa = PBXBuildFile; fileRef = C8BABED926663D100080B058 /* EmptyScreenContract.swift */; };
		C8BABEFE26663D100080B058 /* NeoSansW23-Bold.ttf in Resources */ = {isa = PBXBuildFile; fileRef = C8BABEDF26663D100080B058 /* NeoSansW23-Bold.ttf */; };
		C8BABEFF26663D100080B058 /* NeoSansArabic-Light.ttf in Resources */ = {isa = PBXBuildFile; fileRef = C8BABEE026663D100080B058 /* NeoSansArabic-Light.ttf */; };
		C8BABF0026663D100080B058 /* NeoSansArabic-Medium.ttf in Resources */ = {isa = PBXBuildFile; fileRef = C8BABEE126663D100080B058 /* NeoSansArabic-Medium.ttf */; };
		C8BABF0126663D100080B058 /* NeoSansArabic-Regular.ttf in Resources */ = {isa = PBXBuildFile; fileRef = C8BABEE226663D100080B058 /* NeoSansArabic-Regular.ttf */; };
		C8BABF0226663D100080B058 /* UIFontEx.swift in Sources */ = {isa = PBXBuildFile; fileRef = C8BABEE326663D100080B058 /* UIFontEx.swift */; };
		C8F358EA266E669700FEE18B /* NetworkFailScreenContract.swift in Sources */ = {isa = PBXBuildFile; fileRef = C8F358E9266E669700FEE18B /* NetworkFailScreenContract.swift */; };
		C8F358EE266E66C800FEE18B /* NetworkFailScreen.swift in Sources */ = {isa = PBXBuildFile; fileRef = C8F358ED266E66C800FEE18B /* NetworkFailScreen.swift */; };
		C8F358F2266E670A00FEE18B /* NetworkFailScreen.xib in Resources */ = {isa = PBXBuildFile; fileRef = C8F358F1266E670A00FEE18B /* NetworkFailScreen.xib */; };
		CFBACEEFF09B3B092AABE6B7 /* Pods_BaseIOS.framework in Frameworks */ = {isa = PBXBuildFile; fileRef = 25D339EA8E743501A3E0EA60 /* Pods_BaseIOS.framework */; };
		DCB8DC112A56E4EC00A3BF0F /* MoviesListStoryboard.storyboard in Resources */ = {isa = PBXBuildFile; fileRef = DCB8DC0A2A56E4EC00A3BF0F /* MoviesListStoryboard.storyboard */; };
		DCB8DC122A56E4EC00A3BF0F /* MoviesListContract.swift in Sources */ = {isa = PBXBuildFile; fileRef = DCB8DC0B2A56E4EC00A3BF0F /* MoviesListContract.swift */; };
		DCB8DC132A56E4EC00A3BF0F /* MoviesListPresenter.swift in Sources */ = {isa = PBXBuildFile; fileRef = DCB8DC0C2A56E4EC00A3BF0F /* MoviesListPresenter.swift */; };
		DCB8DC142A56E4EC00A3BF0F /* MoviesListRouter.swift in Sources */ = {isa = PBXBuildFile; fileRef = DCB8DC0D2A56E4EC00A3BF0F /* MoviesListRouter.swift */; };
		DCB8DC152A56E4EC00A3BF0F /* MoviesListModel.swift in Sources */ = {isa = PBXBuildFile; fileRef = DCB8DC0E2A56E4EC00A3BF0F /* MoviesListModel.swift */; };
		DCB8DC162A56E4EC00A3BF0F /* MoviesListVC.swift in Sources */ = {isa = PBXBuildFile; fileRef = DCB8DC0F2A56E4EC00A3BF0F /* MoviesListVC.swift */; };
		DCB8DC172A56E4EC00A3BF0F /* MoviesListView.xib in Resources */ = {isa = PBXBuildFile; fileRef = DCB8DC102A56E4EC00A3BF0F /* MoviesListView.xib */; };
		DCB8DC1F2A56E65400A3BF0F /* MovieDetailsStoryboard.storyboard in Resources */ = {isa = PBXBuildFile; fileRef = DCB8DC182A56E65400A3BF0F /* MovieDetailsStoryboard.storyboard */; };
		DCB8DC202A56E65400A3BF0F /* MovieDetailsContract.swift in Sources */ = {isa = PBXBuildFile; fileRef = DCB8DC192A56E65400A3BF0F /* MovieDetailsContract.swift */; };
		DCB8DC212A56E65400A3BF0F /* MovieDetailsPresenter.swift in Sources */ = {isa = PBXBuildFile; fileRef = DCB8DC1A2A56E65400A3BF0F /* MovieDetailsPresenter.swift */; };
		DCB8DC222A56E65400A3BF0F /* MovieDetailsRouter.swift in Sources */ = {isa = PBXBuildFile; fileRef = DCB8DC1B2A56E65400A3BF0F /* MovieDetailsRouter.swift */; };
		DCB8DC232A56E65400A3BF0F /* MovieDetailsModel.swift in Sources */ = {isa = PBXBuildFile; fileRef = DCB8DC1C2A56E65400A3BF0F /* MovieDetailsModel.swift */; };
		DCB8DC242A56E65400A3BF0F /* MovieDetailsVC.swift in Sources */ = {isa = PBXBuildFile; fileRef = DCB8DC1D2A56E65400A3BF0F /* MovieDetailsVC.swift */; };
		DCB8DC252A56E65400A3BF0F /* MovieDetailsView.xib in Resources */ = {isa = PBXBuildFile; fileRef = DCB8DC1E2A56E65400A3BF0F /* MovieDetailsView.xib */; };
		DCB8DC272A56ECC200A3BF0F /* README.md in Resources */ = {isa = PBXBuildFile; fileRef = DCB8DC262A56ECC200A3BF0F /* README.md */; };
/* End PBXBuildFile section */

/* Begin PBXFileReference section */
		236E198A2670F380001A9C46 /* UITableViewEx.swift */ = {isa = PBXFileReference; fileEncoding = 4; lastKnownFileType = sourcecode.swift; path = UITableViewEx.swift; sourceTree = "<group>"; };
		236E198B2670F380001A9C46 /* UICollectionViewEx.swift */ = {isa = PBXFileReference; fileEncoding = 4; lastKnownFileType = sourcecode.swift; path = UICollectionViewEx.swift; sourceTree = "<group>"; };
		23E16A202667A819001048E5 /* GalleryPickerHelper.swift */ = {isa = PBXFileReference; fileEncoding = 4; lastKnownFileType = sourcecode.swift; path = GalleryPickerHelper.swift; sourceTree = "<group>"; };
		23E16A2A2667A843001048E5 /* GalleryPickerDelegate.swift */ = {isa = PBXFileReference; lastKnownFileType = sourcecode.swift; path = GalleryPickerDelegate.swift; sourceTree = "<group>"; };
		25D339EA8E743501A3E0EA60 /* Pods_BaseIOS.framework */ = {isa = PBXFileReference; explicitFileType = wrapper.framework; includeInIndex = 0; path = Pods_BaseIOS.framework; sourceTree = BUILT_PRODUCTS_DIR; };
		3D9812F0426A5F8B57F1CA30 /* Pods-BaseIOS.release.xcconfig */ = {isa = PBXFileReference; includeInIndex = 1; lastKnownFileType = text.xcconfig; name = "Pods-BaseIOS.release.xcconfig"; path = "Target Support Files/Pods-BaseIOS/Pods-BaseIOS.release.xcconfig"; sourceTree = "<group>"; };
		7712A2132538728B0072BAEC /* R.generated.swift */ = {isa = PBXFileReference; fileEncoding = 4; lastKnownFileType = sourcecode.swift; path = R.generated.swift; sourceTree = SOURCE_ROOT; };
		77569F37253482C700BFE53C /* en */ = {isa = PBXFileReference; lastKnownFileType = text.plist.strings; name = en; path = Localization/en.lproj/Localizable.strings; sourceTree = "<group>"; };
		77569F39253482CC00BFE53C /* ar */ = {isa = PBXFileReference; lastKnownFileType = text.plist.strings; name = ar; path = Localization/ar.lproj/Localizable.strings; sourceTree = "<group>"; };
		77569F77253482EE00BFE53C /* User.swift */ = {isa = PBXFileReference; fileEncoding = 4; lastKnownFileType = sourcecode.swift; path = User.swift; sourceTree = "<group>"; };
		77569F78253482EE00BFE53C /* BaseModel.swift */ = {isa = PBXFileReference; fileEncoding = 4; lastKnownFileType = sourcecode.swift; path = BaseModel.swift; sourceTree = "<group>"; };
		77569F79253482EE00BFE53C /* Errors.swift */ = {isa = PBXFileReference; fileEncoding = 4; lastKnownFileType = sourcecode.swift; path = Errors.swift; sourceTree = "<group>"; };
		77569F87253482EE00BFE53C /* Authorization.swift */ = {isa = PBXFileReference; fileEncoding = 4; lastKnownFileType = sourcecode.swift; path = Authorization.swift; sourceTree = "<group>"; };
		77569F89253482EE00BFE53C /* Downloader.swift */ = {isa = PBXFileReference; fileEncoding = 4; lastKnownFileType = sourcecode.swift; path = Downloader.swift; sourceTree = "<group>"; };
		77569F8A253482EE00BFE53C /* Paginator.swift */ = {isa = PBXFileReference; fileEncoding = 4; lastKnownFileType = sourcecode.swift; path = Paginator.swift; sourceTree = "<group>"; };
		77569F8B253482EE00BFE53C /* ApiHelpers.swift */ = {isa = PBXFileReference; fileEncoding = 4; lastKnownFileType = sourcecode.swift; path = ApiHelpers.swift; sourceTree = "<group>"; };
		77569F8C253482EE00BFE53C /* BaseNetworkManager.swift */ = {isa = PBXFileReference; fileEncoding = 4; lastKnownFileType = sourcecode.swift; path = BaseNetworkManager.swift; sourceTree = "<group>"; };
		77569F8D253482EE00BFE53C /* NetworkManager.swift */ = {isa = PBXFileReference; fileEncoding = 4; lastKnownFileType = sourcecode.swift; path = NetworkManager.swift; sourceTree = "<group>"; };
		77569F8E253482EE00BFE53C /* NetworkConfigration.swift */ = {isa = PBXFileReference; fileEncoding = 4; lastKnownFileType = sourcecode.swift; path = NetworkConfigration.swift; sourceTree = "<group>"; };
		77569F97253482EE00BFE53C /* UIView+AutoLayoutHelper.swift */ = {isa = PBXFileReference; fileEncoding = 4; lastKnownFileType = sourcecode.swift; path = "UIView+AutoLayoutHelper.swift"; sourceTree = "<group>"; };
		77569F99253482EE00BFE53C /* RadioView.swift */ = {isa = PBXFileReference; fileEncoding = 4; lastKnownFileType = sourcecode.swift; path = RadioView.swift; sourceTree = "<group>"; };
		77569F9A253482EE00BFE53C /* Radio.xib */ = {isa = PBXFileReference; fileEncoding = 4; lastKnownFileType = file.xib; path = Radio.xib; sourceTree = "<group>"; };
		77569F9B253482EE00BFE53C /* RadioView.xib */ = {isa = PBXFileReference; fileEncoding = 4; lastKnownFileType = file.xib; path = RadioView.xib; sourceTree = "<group>"; };
		77569F9C253482EE00BFE53C /* RadioButton.swift */ = {isa = PBXFileReference; fileEncoding = 4; lastKnownFileType = sourcecode.swift; path = RadioButton.swift; sourceTree = "<group>"; };
		77569FB9253482EE00BFE53C /* UIFont.swift */ = {isa = PBXFileReference; fileEncoding = 4; lastKnownFileType = sourcecode.swift; path = UIFont.swift; sourceTree = "<group>"; };
		7756A015253482EE00BFE53C /* PublicHelper.swift */ = {isa = PBXFileReference; fileEncoding = 4; lastKnownFileType = sourcecode.swift; path = PublicHelper.swift; sourceTree = "<group>"; };
		7756A016253482EE00BFE53C /* AlertableHelper.swift */ = {isa = PBXFileReference; fileEncoding = 4; lastKnownFileType = sourcecode.swift; path = AlertableHelper.swift; sourceTree = "<group>"; };
		7756A017253482EE00BFE53C /* NavigateMapHelper.swift */ = {isa = PBXFileReference; fileEncoding = 4; lastKnownFileType = sourcecode.swift; path = NavigateMapHelper.swift; sourceTree = "<group>"; };
		7756A02F253482EE00BFE53C /* Localization.swift */ = {isa = PBXFileReference; fileEncoding = 4; lastKnownFileType = sourcecode.swift; path = Localization.swift; sourceTree = "<group>"; };
		7756A031253482EE00BFE53C /* LanguangeEnum.swift */ = {isa = PBXFileReference; fileEncoding = 4; lastKnownFileType = sourcecode.swift; path = LanguangeEnum.swift; sourceTree = "<group>"; };
		7756A033253482EE00BFE53C /* UILocalizationExtensions.swift */ = {isa = PBXFileReference; fileEncoding = 4; lastKnownFileType = sourcecode.swift; path = UILocalizationExtensions.swift; sourceTree = "<group>"; };
		7756A037253482EF00BFE53C /* PresenterProtocol.swift */ = {isa = PBXFileReference; fileEncoding = 4; lastKnownFileType = sourcecode.swift; path = PresenterProtocol.swift; sourceTree = "<group>"; };
		7756A038253482EF00BFE53C /* BasePresenter.swift */ = {isa = PBXFileReference; fileEncoding = 4; lastKnownFileType = sourcecode.swift; path = BasePresenter.swift; sourceTree = "<group>"; };
		7756A03C253482EF00BFE53C /* BaseController.swift */ = {isa = PBXFileReference; fileEncoding = 4; lastKnownFileType = sourcecode.swift; path = BaseController.swift; sourceTree = "<group>"; };
		7756A03D253482EF00BFE53C /* PresentingViewProtocol.swift */ = {isa = PBXFileReference; fileEncoding = 4; lastKnownFileType = sourcecode.swift; path = PresentingViewProtocol.swift; sourceTree = "<group>"; };
		7756A03E253482EF00BFE53C /* BaseViewControllerProtocol.swift */ = {isa = PBXFileReference; fileEncoding = 4; lastKnownFileType = sourcecode.swift; path = BaseViewControllerProtocol.swift; sourceTree = "<group>"; };
		7756A03F253482EF00BFE53C /* POPUPViewController.swift */ = {isa = PBXFileReference; fileEncoding = 4; lastKnownFileType = sourcecode.swift; path = POPUPViewController.swift; sourceTree = "<group>"; };
		7756A044253482EF00BFE53C /* ExtensionUITableViewCell.swift */ = {isa = PBXFileReference; fileEncoding = 4; lastKnownFileType = sourcecode.swift; path = ExtensionUITableViewCell.swift; sourceTree = "<group>"; };
		7756A045253482EF00BFE53C /* CellProtocol.swift */ = {isa = PBXFileReference; fileEncoding = 4; lastKnownFileType = sourcecode.swift; path = CellProtocol.swift; sourceTree = "<group>"; };
		7756A046253482EF00BFE53C /* ExtensionUICollectionViewCell.swift */ = {isa = PBXFileReference; fileEncoding = 4; lastKnownFileType = sourcecode.swift; path = ExtensionUICollectionViewCell.swift; sourceTree = "<group>"; };
		7756A122253486D600BFE53C /* Colors.xcassets */ = {isa = PBXFileReference; lastKnownFileType = folder.assetcatalog; path = Colors.xcassets; sourceTree = "<group>"; };
		7756A12725348AD400BFE53C /* UISearchBarExtensions.swift */ = {isa = PBXFileReference; fileEncoding = 4; lastKnownFileType = sourcecode.swift; path = UISearchBarExtensions.swift; sourceTree = "<group>"; };
		7756A12825348AD400BFE53C /* UITableViewExtensions.swift */ = {isa = PBXFileReference; fileEncoding = 4; lastKnownFileType = sourcecode.swift; path = UITableViewExtensions.swift; sourceTree = "<group>"; };
		7756A12A25348AD400BFE53C /* UITextFieldExtensions.swift */ = {isa = PBXFileReference; fileEncoding = 4; lastKnownFileType = sourcecode.swift; path = UITextFieldExtensions.swift; sourceTree = "<group>"; };
		7756A12B25348AD400BFE53C /* FloatingLabelTextField.swift */ = {isa = PBXFileReference; fileEncoding = 4; lastKnownFileType = sourcecode.swift; path = FloatingLabelTextField.swift; sourceTree = "<group>"; };
		7756A12E25348AD400BFE53C /* UICollectionViewExtensions.swift */ = {isa = PBXFileReference; fileEncoding = 4; lastKnownFileType = sourcecode.swift; path = UICollectionViewExtensions.swift; sourceTree = "<group>"; };
		7756A13025348AD400BFE53C /* UIConstraintLayoutExtension.swift */ = {isa = PBXFileReference; fileEncoding = 4; lastKnownFileType = sourcecode.swift; path = UIConstraintLayoutExtension.swift; sourceTree = "<group>"; };
		7756A13725348AD400BFE53C /* UIViewControllerExtensions.swift */ = {isa = PBXFileReference; fileEncoding = 4; lastKnownFileType = sourcecode.swift; path = UIViewControllerExtensions.swift; sourceTree = "<group>"; };
		7756A13825348AD400BFE53C /* UIImageExtensions.swift */ = {isa = PBXFileReference; fileEncoding = 4; lastKnownFileType = sourcecode.swift; path = UIImageExtensions.swift; sourceTree = "<group>"; };
		7756A13925348AD400BFE53C /* UINavigationControllerExtensions.swift */ = {isa = PBXFileReference; fileEncoding = 4; lastKnownFileType = sourcecode.swift; path = UINavigationControllerExtensions.swift; sourceTree = "<group>"; };
		7756A13A25348AD400BFE53C /* UIViewExtensions.swift */ = {isa = PBXFileReference; fileEncoding = 4; lastKnownFileType = sourcecode.swift; path = UIViewExtensions.swift; sourceTree = "<group>"; };
		7756A13D25348AD400BFE53C /* UISwitchExtensions.swift */ = {isa = PBXFileReference; fileEncoding = 4; lastKnownFileType = sourcecode.swift; path = UISwitchExtensions.swift; sourceTree = "<group>"; };
		7756A13F25348AD400BFE53C /* UIApplicationExtensions.swift */ = {isa = PBXFileReference; fileEncoding = 4; lastKnownFileType = sourcecode.swift; path = UIApplicationExtensions.swift; sourceTree = "<group>"; };
		7756A14025348AD400BFE53C /* UIImageViewExtensions.swift */ = {isa = PBXFileReference; fileEncoding = 4; lastKnownFileType = sourcecode.swift; path = UIImageViewExtensions.swift; sourceTree = "<group>"; };
		7756A14125348AD400BFE53C /* UIAlertControllerExtensions.swift */ = {isa = PBXFileReference; fileEncoding = 4; lastKnownFileType = sourcecode.swift; path = UIAlertControllerExtensions.swift; sourceTree = "<group>"; };
		7756A14625348AD400BFE53C /* SignedIntegerExtensions.swift */ = {isa = PBXFileReference; fileEncoding = 4; lastKnownFileType = sourcecode.swift; path = SignedIntegerExtensions.swift; sourceTree = "<group>"; };
		7756A14725348AD400BFE53C /* ArrayExtensions.swift */ = {isa = PBXFileReference; fileEncoding = 4; lastKnownFileType = sourcecode.swift; path = ArrayExtensions.swift; sourceTree = "<group>"; };
		7756A14825348AD400BFE53C /* StringProtocolExtensions.swift */ = {isa = PBXFileReference; fileEncoding = 4; lastKnownFileType = sourcecode.swift; path = StringProtocolExtensions.swift; sourceTree = "<group>"; };
		7756A14925348AD400BFE53C /* FloatExtensions.swift */ = {isa = PBXFileReference; fileEncoding = 4; lastKnownFileType = sourcecode.swift; path = FloatExtensions.swift; sourceTree = "<group>"; };
		7756A14A25348AD400BFE53C /* SequenceExtensions.swift */ = {isa = PBXFileReference; fileEncoding = 4; lastKnownFileType = sourcecode.swift; path = SequenceExtensions.swift; sourceTree = "<group>"; };
		7756A14B25348AD400BFE53C /* SignedNumericExtensions.swift */ = {isa = PBXFileReference; fileEncoding = 4; lastKnownFileType = sourcecode.swift; path = SignedNumericExtensions.swift; sourceTree = "<group>"; };
		7756A14C25348AD400BFE53C /* DictionaryExtensions.swift */ = {isa = PBXFileReference; fileEncoding = 4; lastKnownFileType = sourcecode.swift; path = DictionaryExtensions.swift; sourceTree = "<group>"; };
		7756A14D25348AD400BFE53C /* StringExtensions.swift */ = {isa = PBXFileReference; fileEncoding = 4; lastKnownFileType = sourcecode.swift; path = StringExtensions.swift; sourceTree = "<group>"; };
		7756A14E25348AD400BFE53C /* BoolExtensions.swift */ = {isa = PBXFileReference; fileEncoding = 4; lastKnownFileType = sourcecode.swift; path = BoolExtensions.swift; sourceTree = "<group>"; };
		7756A14F25348AD400BFE53C /* DoubleExtensions.swift */ = {isa = PBXFileReference; fileEncoding = 4; lastKnownFileType = sourcecode.swift; path = DoubleExtensions.swift; sourceTree = "<group>"; };
		7756A15025348AD400BFE53C /* CharacterExtensions.swift */ = {isa = PBXFileReference; fileEncoding = 4; lastKnownFileType = sourcecode.swift; path = CharacterExtensions.swift; sourceTree = "<group>"; };
		7756A15125348AD400BFE53C /* FloatingPointExtensions.swift */ = {isa = PBXFileReference; fileEncoding = 4; lastKnownFileType = sourcecode.swift; path = FloatingPointExtensions.swift; sourceTree = "<group>"; };
		7756A15225348AD400BFE53C /* IntExtensions.swift */ = {isa = PBXFileReference; fileEncoding = 4; lastKnownFileType = sourcecode.swift; path = IntExtensions.swift; sourceTree = "<group>"; };
		7756A15325348AD400BFE53C /* OptionalExtensions.swift */ = {isa = PBXFileReference; fileEncoding = 4; lastKnownFileType = sourcecode.swift; path = OptionalExtensions.swift; sourceTree = "<group>"; };
		7756A15425348AD400BFE53C /* CollectionExtensions.swift */ = {isa = PBXFileReference; fileEncoding = 4; lastKnownFileType = sourcecode.swift; path = CollectionExtensions.swift; sourceTree = "<group>"; };
		7756A15625348AD400BFE53C /* SwiftStdlibDeprecated.swift */ = {isa = PBXFileReference; fileEncoding = 4; lastKnownFileType = sourcecode.swift; path = SwiftStdlibDeprecated.swift; sourceTree = "<group>"; };
		779030BD2534A34E00CFF76A /* TokenModel.swift */ = {isa = PBXFileReference; fileEncoding = 4; lastKnownFileType = sourcecode.swift; path = TokenModel.swift; sourceTree = "<group>"; };
		779030C02534A53000CFF76A /* Router.swift */ = {isa = PBXFileReference; lastKnownFileType = sourcecode.swift; path = Router.swift; sourceTree = "<group>"; };
		77C5F4972534814100E70C4C /* MoviesList.app */ = {isa = PBXFileReference; explicitFileType = wrapper.application; includeInIndex = 0; path = MoviesList.app; sourceTree = BUILT_PRODUCTS_DIR; };
		77C5F49A2534814100E70C4C /* AppDelegate.swift */ = {isa = PBXFileReference; lastKnownFileType = sourcecode.swift; path = AppDelegate.swift; sourceTree = "<group>"; };
		77C5F4A62534814200E70C4C /* Assets.xcassets */ = {isa = PBXFileReference; lastKnownFileType = folder.assetcatalog; path = Assets.xcassets; sourceTree = "<group>"; };
		77C5F4A92534814200E70C4C /* Base */ = {isa = PBXFileReference; lastKnownFileType = file.storyboard; name = Base; path = Base.lproj/LaunchScreen.storyboard; sourceTree = "<group>"; };
		77C5F4AB2534814200E70C4C /* Info.plist */ = {isa = PBXFileReference; lastKnownFileType = text.plist.xml; path = Info.plist; sourceTree = "<group>"; };
		77D130BB2535C2D800004E81 /* NetworkResponse.swift */ = {isa = PBXFileReference; lastKnownFileType = sourcecode.swift; path = NetworkResponse.swift; sourceTree = "<group>"; };
		77D130BD2535C79F00004E81 /* NetworkError.swift */ = {isa = PBXFileReference; lastKnownFileType = sourcecode.swift; path = NetworkError.swift; sourceTree = "<group>"; };
		77F67C26253C15030004318A /* RouterProtocol.swift */ = {isa = PBXFileReference; lastKnownFileType = sourcecode.swift; path = RouterProtocol.swift; sourceTree = "<group>"; };
		C82A28F3266FB2D40079D5DA /* SearchViewPickerContract.swift */ = {isa = PBXFileReference; lastKnownFileType = sourcecode.swift; path = SearchViewPickerContract.swift; sourceTree = "<group>"; };
		C82A28F7266FB79E0079D5DA /* SearchViewPicker.swift */ = {isa = PBXFileReference; lastKnownFileType = sourcecode.swift; path = SearchViewPicker.swift; sourceTree = "<group>"; };
		C82A28F8266FB79E0079D5DA /* SearchViewPicker.xib */ = {isa = PBXFileReference; lastKnownFileType = file.xib; path = SearchViewPicker.xib; sourceTree = "<group>"; };
		C8489AAE2677AD8100C56B9B /* StoredDefaults.swift */ = {isa = PBXFileReference; lastKnownFileType = sourcecode.swift; path = StoredDefaults.swift; sourceTree = "<group>"; };
		C8489AB22677ADA400C56B9B /* Defaults.swift */ = {isa = PBXFileReference; lastKnownFileType = sourcecode.swift; path = Defaults.swift; sourceTree = "<group>"; };
		C86BF910266945C4002D87BC /* LocationHelper.swift */ = {isa = PBXFileReference; fileEncoding = 4; lastKnownFileType = sourcecode.swift; path = LocationHelper.swift; sourceTree = "<group>"; };
		C86BF913266945E3002D87BC /* LocationDelegate.swift */ = {isa = PBXFileReference; lastKnownFileType = sourcecode.swift; path = LocationDelegate.swift; sourceTree = "<group>"; };
		C86BF9182669473D002D87BC /* DateExtension.swift */ = {isa = PBXFileReference; fileEncoding = 4; lastKnownFileType = sourcecode.swift; path = DateExtension.swift; sourceTree = "<group>"; };
		C86BF9192669473D002D87BC /* DateHelper.swift */ = {isa = PBXFileReference; fileEncoding = 4; lastKnownFileType = sourcecode.swift; path = DateHelper.swift; sourceTree = "<group>"; };
		C86BF91E26694765002D87BC /* UITabHelper.swift */ = {isa = PBXFileReference; fileEncoding = 4; lastKnownFileType = sourcecode.swift; path = UITabHelper.swift; sourceTree = "<group>"; };
		C86BF9CE26694943002D87BC /* UserDefault.swift */ = {isa = PBXFileReference; lastKnownFileType = sourcecode.swift; path = UserDefault.swift; sourceTree = "<group>"; };
		C86BF9D2266949DE002D87BC /* CheckBox.swift */ = {isa = PBXFileReference; lastKnownFileType = sourcecode.swift; path = CheckBox.swift; sourceTree = "<group>"; };
		C871480C266E691600AD75E8 /* Reachability.swift */ = {isa = PBXFileReference; lastKnownFileType = sourcecode.swift; path = Reachability.swift; sourceTree = "<group>"; };
		C8BABEB926663CC00080B058 /* UIViewController+EX.swift */ = {isa = PBXFileReference; lastKnownFileType = sourcecode.swift; path = "UIViewController+EX.swift"; sourceTree = "<group>"; };
		C8BABEBE26663D100080B058 /* ThemeApp.swift */ = {isa = PBXFileReference; fileEncoding = 4; lastKnownFileType = sourcecode.swift; path = ThemeApp.swift; sourceTree = "<group>"; };
		C8BABEC026663D100080B058 /* MaintanceScreenContract.swift */ = {isa = PBXFileReference; fileEncoding = 4; lastKnownFileType = sourcecode.swift; path = MaintanceScreenContract.swift; sourceTree = "<group>"; };
		C8BABEC126663D100080B058 /* MaintanceScreen.swift */ = {isa = PBXFileReference; fileEncoding = 4; lastKnownFileType = sourcecode.swift; path = MaintanceScreen.swift; sourceTree = "<group>"; };
		C8BABEC226663D100080B058 /* MaintanceScreen.xib */ = {isa = PBXFileReference; fileEncoding = 4; lastKnownFileType = file.xib; path = MaintanceScreen.xib; sourceTree = "<group>"; };
		C8BABED726663D100080B058 /* EmptyScreen.swift */ = {isa = PBXFileReference; fileEncoding = 4; lastKnownFileType = sourcecode.swift; path = EmptyScreen.swift; sourceTree = "<group>"; };
		C8BABED826663D100080B058 /* EmptyScreen.xib */ = {isa = PBXFileReference; fileEncoding = 4; lastKnownFileType = file.xib; path = EmptyScreen.xib; sourceTree = "<group>"; };
		C8BABED926663D100080B058 /* EmptyScreenContract.swift */ = {isa = PBXFileReference; fileEncoding = 4; lastKnownFileType = sourcecode.swift; path = EmptyScreenContract.swift; sourceTree = "<group>"; };
		C8BABEDF26663D100080B058 /* NeoSansW23-Bold.ttf */ = {isa = PBXFileReference; lastKnownFileType = file; path = "NeoSansW23-Bold.ttf"; sourceTree = "<group>"; };
		C8BABEE026663D100080B058 /* NeoSansArabic-Light.ttf */ = {isa = PBXFileReference; lastKnownFileType = file; path = "NeoSansArabic-Light.ttf"; sourceTree = "<group>"; };
		C8BABEE126663D100080B058 /* NeoSansArabic-Medium.ttf */ = {isa = PBXFileReference; lastKnownFileType = file; path = "NeoSansArabic-Medium.ttf"; sourceTree = "<group>"; };
		C8BABEE226663D100080B058 /* NeoSansArabic-Regular.ttf */ = {isa = PBXFileReference; lastKnownFileType = file; path = "NeoSansArabic-Regular.ttf"; sourceTree = "<group>"; };
		C8BABEE326663D100080B058 /* UIFontEx.swift */ = {isa = PBXFileReference; fileEncoding = 4; lastKnownFileType = sourcecode.swift; path = UIFontEx.swift; sourceTree = "<group>"; };
		C8F358E9266E669700FEE18B /* NetworkFailScreenContract.swift */ = {isa = PBXFileReference; fileEncoding = 4; lastKnownFileType = sourcecode.swift; path = NetworkFailScreenContract.swift; sourceTree = "<group>"; };
		C8F358ED266E66C800FEE18B /* NetworkFailScreen.swift */ = {isa = PBXFileReference; fileEncoding = 4; lastKnownFileType = sourcecode.swift; path = NetworkFailScreen.swift; sourceTree = "<group>"; };
		C8F358F1266E670A00FEE18B /* NetworkFailScreen.xib */ = {isa = PBXFileReference; fileEncoding = 4; lastKnownFileType = file.xib; path = NetworkFailScreen.xib; sourceTree = "<group>"; };
		CCAEAE7FBFDB11CBC3EAE174 /* Pods-BaseIOS.debug.xcconfig */ = {isa = PBXFileReference; includeInIndex = 1; lastKnownFileType = text.xcconfig; name = "Pods-BaseIOS.debug.xcconfig"; path = "Target Support Files/Pods-BaseIOS/Pods-BaseIOS.debug.xcconfig"; sourceTree = "<group>"; };
		DCB8DC0A2A56E4EC00A3BF0F /* MoviesListStoryboard.storyboard */ = {isa = PBXFileReference; lastKnownFileType = file.storyboard; path = MoviesListStoryboard.storyboard; sourceTree = "<group>"; };
		DCB8DC0B2A56E4EC00A3BF0F /* MoviesListContract.swift */ = {isa = PBXFileReference; lastKnownFileType = sourcecode.swift; path = MoviesListContract.swift; sourceTree = "<group>"; };
		DCB8DC0C2A56E4EC00A3BF0F /* MoviesListPresenter.swift */ = {isa = PBXFileReference; lastKnownFileType = sourcecode.swift; path = MoviesListPresenter.swift; sourceTree = "<group>"; };
		DCB8DC0D2A56E4EC00A3BF0F /* MoviesListRouter.swift */ = {isa = PBXFileReference; lastKnownFileType = sourcecode.swift; path = MoviesListRouter.swift; sourceTree = "<group>"; };
		DCB8DC0E2A56E4EC00A3BF0F /* MoviesListModel.swift */ = {isa = PBXFileReference; lastKnownFileType = sourcecode.swift; path = MoviesListModel.swift; sourceTree = "<group>"; };
		DCB8DC0F2A56E4EC00A3BF0F /* MoviesListVC.swift */ = {isa = PBXFileReference; lastKnownFileType = sourcecode.swift; path = MoviesListVC.swift; sourceTree = "<group>"; };
		DCB8DC102A56E4EC00A3BF0F /* MoviesListView.xib */ = {isa = PBXFileReference; lastKnownFileType = file.xib; path = MoviesListView.xib; sourceTree = "<group>"; };
		DCB8DC182A56E65400A3BF0F /* MovieDetailsStoryboard.storyboard */ = {isa = PBXFileReference; lastKnownFileType = file.storyboard; path = MovieDetailsStoryboard.storyboard; sourceTree = "<group>"; };
		DCB8DC192A56E65400A3BF0F /* MovieDetailsContract.swift */ = {isa = PBXFileReference; lastKnownFileType = sourcecode.swift; path = MovieDetailsContract.swift; sourceTree = "<group>"; };
		DCB8DC1A2A56E65400A3BF0F /* MovieDetailsPresenter.swift */ = {isa = PBXFileReference; lastKnownFileType = sourcecode.swift; path = MovieDetailsPresenter.swift; sourceTree = "<group>"; };
		DCB8DC1B2A56E65400A3BF0F /* MovieDetailsRouter.swift */ = {isa = PBXFileReference; lastKnownFileType = sourcecode.swift; path = MovieDetailsRouter.swift; sourceTree = "<group>"; };
		DCB8DC1C2A56E65400A3BF0F /* MovieDetailsModel.swift */ = {isa = PBXFileReference; lastKnownFileType = sourcecode.swift; path = MovieDetailsModel.swift; sourceTree = "<group>"; };
		DCB8DC1D2A56E65400A3BF0F /* MovieDetailsVC.swift */ = {isa = PBXFileReference; lastKnownFileType = sourcecode.swift; path = MovieDetailsVC.swift; sourceTree = "<group>"; };
		DCB8DC1E2A56E65400A3BF0F /* MovieDetailsView.xib */ = {isa = PBXFileReference; lastKnownFileType = file.xib; path = MovieDetailsView.xib; sourceTree = "<group>"; };
		DCB8DC262A56ECC200A3BF0F /* README.md */ = {isa = PBXFileReference; fileEncoding = 4; lastKnownFileType = net.daringfireball.markdown; path = README.md; sourceTree = "<group>"; };
/* End PBXFileReference section */

/* Begin PBXFrameworksBuildPhase section */
		77C5F4942534814100E70C4C /* Frameworks */ = {
			isa = PBXFrameworksBuildPhase;
			buildActionMask = 2147483647;
			files = (
				CFBACEEFF09B3B092AABE6B7 /* Pods_BaseIOS.framework in Frameworks */,
			);
			runOnlyForDeploymentPostprocessing = 0;
		};
/* End PBXFrameworksBuildPhase section */

/* Begin PBXGroup section */
		236E19892670F380001A9C46 /* AutoHeightCollection&Table */ = {
			isa = PBXGroup;
			children = (
				236E198A2670F380001A9C46 /* UITableViewEx.swift */,
				236E198B2670F380001A9C46 /* UICollectionViewEx.swift */,
			);
			path = "AutoHeightCollection&Table";
			sourceTree = "<group>";
		};
		23E16A1F2667A819001048E5 /* ImagesHelper */ = {
			isa = PBXGroup;
			children = (
				23E16A202667A819001048E5 /* GalleryPickerHelper.swift */,
				23E16A2A2667A843001048E5 /* GalleryPickerDelegate.swift */,
			);
			path = ImagesHelper;
			sourceTree = "<group>";
		};
		45A065D4EE4EADA94F3AE79E /* Frameworks */ = {
			isa = PBXGroup;
			children = (
				25D339EA8E743501A3E0EA60 /* Pods_BaseIOS.framework */,
			);
			name = Frameworks;
			sourceTree = "<group>";
		};
		472FD741C01ACDF410192B6F /* Pods */ = {
			isa = PBXGroup;
			children = (
				CCAEAE7FBFDB11CBC3EAE174 /* Pods-BaseIOS.debug.xcconfig */,
				3D9812F0426A5F8B57F1CA30 /* Pods-BaseIOS.release.xcconfig */,
			);
			path = Pods;
			sourceTree = "<group>";
		};
		77021ABF2537455C006F720B /* SupportFiles */ = {
			isa = PBXGroup;
			children = (
				77C5F49A2534814100E70C4C /* AppDelegate.swift */,
				7756A122253486D600BFE53C /* Colors.xcassets */,
				77C5F4A62534814200E70C4C /* Assets.xcassets */,
				7712A2132538728B0072BAEC /* R.generated.swift */,
				77C5F4AB2534814200E70C4C /* Info.plist */,
				77C5F4A82534814200E70C4C /* LaunchScreen.storyboard */,
				77569F36253482C700BFE53C /* Localizable.strings */,
			);
			path = SupportFiles;
			sourceTree = "<group>";
		};
		77569F74253482EE00BFE53C /* Models */ = {
			isa = PBXGroup;
			children = (
				77569F75253482EE00BFE53C /* Core */,
			);
			path = Models;
			sourceTree = "<group>";
		};
		77569F75253482EE00BFE53C /* Core */ = {
			isa = PBXGroup;
			children = (
				779030BD2534A34E00CFF76A /* TokenModel.swift */,
				77569F77253482EE00BFE53C /* User.swift */,
				77569F78253482EE00BFE53C /* BaseModel.swift */,
				77569F79253482EE00BFE53C /* Errors.swift */,
			);
			path = Core;
			sourceTree = "<group>";
		};
		77569F7B253482EE00BFE53C /* Helpers */ = {
			isa = PBXGroup;
			children = (
				C82A28E8266FB1410079D5DA /* PickerViewHelper */,
				C86BF9CD26694936002D87BC /* UserDefault */,
				77569F86253482EE00BFE53C /* NetworkLayer */,
				77569F94253482EE00BFE53C /* UIKit */,
				7756A013253482EE00BFE53C /* CommonHelper */,
				7756A02E253482EE00BFE53C /* Localization */,
				23E16A1F2667A819001048E5 /* ImagesHelper */,
				C86BF90F266945C4002D87BC /* LocationHelper */,
				C86BF9172669473D002D87BC /* DateHelper */,
				C86BF91D26694765002D87BC /* UIViewHelper */,
			);
			path = Helpers;
			sourceTree = "<group>";
		};
		77569F86253482EE00BFE53C /* NetworkLayer */ = {
			isa = PBXGroup;
			children = (
				77569F87253482EE00BFE53C /* Authorization.swift */,
				77569F89253482EE00BFE53C /* Downloader.swift */,
				77569F8A253482EE00BFE53C /* Paginator.swift */,
				77569F8B253482EE00BFE53C /* ApiHelpers.swift */,
				77569F8C253482EE00BFE53C /* BaseNetworkManager.swift */,
				77569F8D253482EE00BFE53C /* NetworkManager.swift */,
				77569F8E253482EE00BFE53C /* NetworkConfigration.swift */,
				77D130BB2535C2D800004E81 /* NetworkResponse.swift */,
				77D130BD2535C79F00004E81 /* NetworkError.swift */,
				C871480C266E691600AD75E8 /* Reachability.swift */,
			);
			path = NetworkLayer;
			sourceTree = "<group>";
		};
		77569F94253482EE00BFE53C /* UIKit */ = {
			isa = PBXGroup;
			children = (
				236E19892670F380001A9C46 /* AutoHeightCollection&Table */,
				C8BABEB826663CB10080B058 /* Loading */,
				77569F96253482EE00BFE53C /* AutoLayout */,
				77569F98253482EE00BFE53C /* RadioButton */,
				C86BF9D1266949D2002D87BC /* CheckBox */,
			);
			path = UIKit;
			sourceTree = "<group>";
		};
		77569F96253482EE00BFE53C /* AutoLayout */ = {
			isa = PBXGroup;
			children = (
				77569F97253482EE00BFE53C /* UIView+AutoLayoutHelper.swift */,
			);
			path = AutoLayout;
			sourceTree = "<group>";
		};
		77569F98253482EE00BFE53C /* RadioButton */ = {
			isa = PBXGroup;
			children = (
				77569F99253482EE00BFE53C /* RadioView.swift */,
				77569F9A253482EE00BFE53C /* Radio.xib */,
				77569F9B253482EE00BFE53C /* RadioView.xib */,
				77569F9C253482EE00BFE53C /* RadioButton.swift */,
			);
			path = RadioButton;
			sourceTree = "<group>";
		};
		7756A013253482EE00BFE53C /* CommonHelper */ = {
			isa = PBXGroup;
			children = (
				7756A015253482EE00BFE53C /* PublicHelper.swift */,
				7756A016253482EE00BFE53C /* AlertableHelper.swift */,
				7756A017253482EE00BFE53C /* NavigateMapHelper.swift */,
			);
			path = CommonHelper;
			sourceTree = "<group>";
		};
		7756A02E253482EE00BFE53C /* Localization */ = {
			isa = PBXGroup;
			children = (
				7756A02F253482EE00BFE53C /* Localization.swift */,
				7756A031253482EE00BFE53C /* LanguangeEnum.swift */,
				7756A033253482EE00BFE53C /* UILocalizationExtensions.swift */,
			);
			path = Localization;
			sourceTree = "<group>";
		};
		7756A034253482EF00BFE53C /* Presenters */ = {
			isa = PBXGroup;
			children = (
				7756A035253482EF00BFE53C /* Core */,
			);
			path = Presenters;
			sourceTree = "<group>";
		};
		7756A035253482EF00BFE53C /* Core */ = {
			isa = PBXGroup;
			children = (
				7756A037253482EF00BFE53C /* PresenterProtocol.swift */,
				7756A038253482EF00BFE53C /* BasePresenter.swift */,
			);
			path = Core;
			sourceTree = "<group>";
		};
		7756A03A253482EF00BFE53C /* ViewControllers */ = {
			isa = PBXGroup;
			children = (
				7756A03B253482EF00BFE53C /* Core */,
			);
			path = ViewControllers;
			sourceTree = "<group>";
		};
		7756A03B253482EF00BFE53C /* Core */ = {
			isa = PBXGroup;
			children = (
				7756A03C253482EF00BFE53C /* BaseController.swift */,
				7756A03D253482EF00BFE53C /* PresentingViewProtocol.swift */,
				7756A03E253482EF00BFE53C /* BaseViewControllerProtocol.swift */,
				7756A03F253482EF00BFE53C /* POPUPViewController.swift */,
			);
			path = Core;
			sourceTree = "<group>";
		};
		7756A042253482EF00BFE53C /* Cells */ = {
			isa = PBXGroup;
			children = (
				7756A043253482EF00BFE53C /* Core */,
			);
			path = Cells;
			sourceTree = "<group>";
		};
		7756A043253482EF00BFE53C /* Core */ = {
			isa = PBXGroup;
			children = (
				7756A044253482EF00BFE53C /* ExtensionUITableViewCell.swift */,
				7756A045253482EF00BFE53C /* CellProtocol.swift */,
				7756A046253482EF00BFE53C /* ExtensionUICollectionViewCell.swift */,
			);
			path = Core;
			sourceTree = "<group>";
		};
		7756A1212534856900BFE53C /* Application */ = {
			isa = PBXGroup;
			children = (
				7756A124253487F200BFE53C /* Core */,
				77021ABF2537455C006F720B /* SupportFiles */,
				C8BABEBD26663D100080B058 /* Theme */,
			);
			path = Application;
			sourceTree = "<group>";
		};
		7756A124253487F200BFE53C /* Core */ = {
			isa = PBXGroup;
			children = (
				779030BF2534A52800CFF76A /* Router */,
				7756A034253482EF00BFE53C /* Presenters */,
				7756A042253482EF00BFE53C /* Cells */,
				7756A03A253482EF00BFE53C /* ViewControllers */,
				77569F74253482EE00BFE53C /* Models */,
			);
			path = Core;
			sourceTree = "<group>";
		};
		7756A12525348AD400BFE53C /* Extensions */ = {
			isa = PBXGroup;
			children = (
				7756A12625348AD400BFE53C /* UIKit */,
				7756A14525348AD400BFE53C /* SwiftStdlib */,
			);
			path = Extensions;
			sourceTree = "<group>";
		};
		7756A12625348AD400BFE53C /* UIKit */ = {
			isa = PBXGroup;
			children = (
				7756A12725348AD400BFE53C /* UISearchBarExtensions.swift */,
				7756A12825348AD400BFE53C /* UITableViewExtensions.swift */,
				7756A12A25348AD400BFE53C /* UITextFieldExtensions.swift */,
				7756A12B25348AD400BFE53C /* FloatingLabelTextField.swift */,
				7756A12E25348AD400BFE53C /* UICollectionViewExtensions.swift */,
				7756A13025348AD400BFE53C /* UIConstraintLayoutExtension.swift */,
				7756A13725348AD400BFE53C /* UIViewControllerExtensions.swift */,
				7756A13825348AD400BFE53C /* UIImageExtensions.swift */,
				7756A13925348AD400BFE53C /* UINavigationControllerExtensions.swift */,
				7756A13A25348AD400BFE53C /* UIViewExtensions.swift */,
				7756A13D25348AD400BFE53C /* UISwitchExtensions.swift */,
				7756A13F25348AD400BFE53C /* UIApplicationExtensions.swift */,
				7756A14025348AD400BFE53C /* UIImageViewExtensions.swift */,
				7756A14125348AD400BFE53C /* UIAlertControllerExtensions.swift */,
			);
			path = UIKit;
			sourceTree = "<group>";
		};
		7756A14525348AD400BFE53C /* SwiftStdlib */ = {
			isa = PBXGroup;
			children = (
				7756A14625348AD400BFE53C /* SignedIntegerExtensions.swift */,
				7756A14725348AD400BFE53C /* ArrayExtensions.swift */,
				7756A14825348AD400BFE53C /* StringProtocolExtensions.swift */,
				7756A14925348AD400BFE53C /* FloatExtensions.swift */,
				7756A14A25348AD400BFE53C /* SequenceExtensions.swift */,
				7756A14B25348AD400BFE53C /* SignedNumericExtensions.swift */,
				7756A14C25348AD400BFE53C /* DictionaryExtensions.swift */,
				7756A14D25348AD400BFE53C /* StringExtensions.swift */,
				7756A14E25348AD400BFE53C /* BoolExtensions.swift */,
				7756A14F25348AD400BFE53C /* DoubleExtensions.swift */,
				7756A15025348AD400BFE53C /* CharacterExtensions.swift */,
				7756A15125348AD400BFE53C /* FloatingPointExtensions.swift */,
				7756A15225348AD400BFE53C /* IntExtensions.swift */,
				7756A15325348AD400BFE53C /* OptionalExtensions.swift */,
				7756A15425348AD400BFE53C /* CollectionExtensions.swift */,
				7756A15525348AD400BFE53C /* Deprecated */,
			);
			path = SwiftStdlib;
			sourceTree = "<group>";
		};
		7756A15525348AD400BFE53C /* Deprecated */ = {
			isa = PBXGroup;
			children = (
				7756A15625348AD400BFE53C /* SwiftStdlibDeprecated.swift */,
			);
			path = Deprecated;
			sourceTree = "<group>";
		};
		779030BF2534A52800CFF76A /* Router */ = {
			isa = PBXGroup;
			children = (
				77F67C26253C15030004318A /* RouterProtocol.swift */,
				779030C02534A53000CFF76A /* Router.swift */,
			);
			path = Router;
			sourceTree = "<group>";
		};
		77C5F48E2534814100E70C4C = {
			isa = PBXGroup;
			children = (
				DCB8DC262A56ECC200A3BF0F /* README.md */,
				77C5F4992534814100E70C4C /* MoviesListTask */,
				77C5F4982534814100E70C4C /* Products */,
				472FD741C01ACDF410192B6F /* Pods */,
				45A065D4EE4EADA94F3AE79E /* Frameworks */,
			);
			sourceTree = "<group>";
		};
		77C5F4982534814100E70C4C /* Products */ = {
			isa = PBXGroup;
			children = (
				77C5F4972534814100E70C4C /* MoviesList.app */,
			);
			name = Products;
			sourceTree = "<group>";
		};
		77C5F4992534814100E70C4C /* MoviesListTask */ = {
			isa = PBXGroup;
			children = (
				7756A1212534856900BFE53C /* Application */,
				7756A12525348AD400BFE53C /* Extensions */,
				77569F7B253482EE00BFE53C /* Helpers */,
				C8BABF082666401E0080B058 /* Modules */,
			);
			path = MoviesListTask;
			sourceTree = "<group>";
		};
		C82A28E8266FB1410079D5DA /* PickerViewHelper */ = {
			isa = PBXGroup;
			children = (
				C82A28F3266FB2D40079D5DA /* SearchViewPickerContract.swift */,
				C82A28F7266FB79E0079D5DA /* SearchViewPicker.swift */,
				C82A28F8266FB79E0079D5DA /* SearchViewPicker.xib */,
			);
			path = PickerViewHelper;
			sourceTree = "<group>";
		};
		C86BF90F266945C4002D87BC /* LocationHelper */ = {
			isa = PBXGroup;
			children = (
				C86BF910266945C4002D87BC /* LocationHelper.swift */,
				C86BF913266945E3002D87BC /* LocationDelegate.swift */,
			);
			path = LocationHelper;
			sourceTree = "<group>";
		};
		C86BF9172669473D002D87BC /* DateHelper */ = {
			isa = PBXGroup;
			children = (
				C86BF9182669473D002D87BC /* DateExtension.swift */,
				C86BF9192669473D002D87BC /* DateHelper.swift */,
			);
			path = DateHelper;
			sourceTree = "<group>";
		};
		C86BF91D26694765002D87BC /* UIViewHelper */ = {
			isa = PBXGroup;
			children = (
				C86BF91E26694765002D87BC /* UITabHelper.swift */,
			);
			path = UIViewHelper;
			sourceTree = "<group>";
		};
		C86BF9CD26694936002D87BC /* UserDefault */ = {
			isa = PBXGroup;
			children = (
				C86BF9CE26694943002D87BC /* UserDefault.swift */,
				C8489AB22677ADA400C56B9B /* Defaults.swift */,
				C8489AAE2677AD8100C56B9B /* StoredDefaults.swift */,
			);
			path = UserDefault;
			sourceTree = "<group>";
		};
		C86BF9D1266949D2002D87BC /* CheckBox */ = {
			isa = PBXGroup;
			children = (
				C86BF9D626694A60002D87BC /* Resources */,
				C86BF9D2266949DE002D87BC /* CheckBox.swift */,
			);
			path = CheckBox;
			sourceTree = "<group>";
		};
		C86BF9D626694A60002D87BC /* Resources */ = {
			isa = PBXGroup;
			children = (
			);
			path = Resources;
			sourceTree = "<group>";
		};
		C8BABEB826663CB10080B058 /* Loading */ = {
			isa = PBXGroup;
			children = (
				C8BABEB926663CC00080B058 /* UIViewController+EX.swift */,
			);
			path = Loading;
			sourceTree = "<group>";
		};
		C8BABEBD26663D100080B058 /* Theme */ = {
			isa = PBXGroup;
			children = (
				C8BABEBE26663D100080B058 /* ThemeApp.swift */,
				C8F358E8266E667F00FEE18B /* NetworkFail */,
				C8BABEBF26663D100080B058 /* Maintance */,
				C8BABED626663D100080B058 /* EmptyScreen */,
				C8BABEDE26663D100080B058 /* Font */,
			);
			path = Theme;
			sourceTree = "<group>";
		};
		C8BABEBF26663D100080B058 /* Maintance */ = {
			isa = PBXGroup;
			children = (
				C8BABEC026663D100080B058 /* MaintanceScreenContract.swift */,
				C8BABEC126663D100080B058 /* MaintanceScreen.swift */,
				C8BABEC226663D100080B058 /* MaintanceScreen.xib */,
			);
			path = Maintance;
			sourceTree = "<group>";
		};
		C8BABED626663D100080B058 /* EmptyScreen */ = {
			isa = PBXGroup;
			children = (
				C8BABED726663D100080B058 /* EmptyScreen.swift */,
				C8BABED826663D100080B058 /* EmptyScreen.xib */,
				C8BABED926663D100080B058 /* EmptyScreenContract.swift */,
			);
			path = EmptyScreen;
			sourceTree = "<group>";
		};
		C8BABEDE26663D100080B058 /* Font */ = {
			isa = PBXGroup;
			children = (
				C8BABEDF26663D100080B058 /* NeoSansW23-Bold.ttf */,
				C8BABEE026663D100080B058 /* NeoSansArabic-Light.ttf */,
				C8BABEE126663D100080B058 /* NeoSansArabic-Medium.ttf */,
				C8BABEE226663D100080B058 /* NeoSansArabic-Regular.ttf */,
				C8BABEE326663D100080B058 /* UIFontEx.swift */,
				77569FB9253482EE00BFE53C /* UIFont.swift */,
			);
			path = Font;
			sourceTree = "<group>";
		};
		C8BABF082666401E0080B058 /* Modules */ = {
			isa = PBXGroup;
			children = (
				DCBA8DDE2A54C8E200B2E93F /* MoviesList */,
				DCBA8DDF2A54C8ED00B2E93F /* MovieDetails */,
			);
			path = Modules;
			sourceTree = "<group>";
		};
		C8F358E8266E667F00FEE18B /* NetworkFail */ = {
			isa = PBXGroup;
			children = (
				C8F358E9266E669700FEE18B /* NetworkFailScreenContract.swift */,
				C8F358ED266E66C800FEE18B /* NetworkFailScreen.swift */,
				C8F358F1266E670A00FEE18B /* NetworkFailScreen.xib */,
			);
			path = NetworkFail;
			sourceTree = "<group>";
		};
		DCBA8DDE2A54C8E200B2E93F /* MoviesList */ = {
			isa = PBXGroup;
			children = (
				DCB8DC0A2A56E4EC00A3BF0F /* MoviesListStoryboard.storyboard */,
				DCB8DC0B2A56E4EC00A3BF0F /* MoviesListContract.swift */,
				DCB8DC0C2A56E4EC00A3BF0F /* MoviesListPresenter.swift */,
				DCB8DC0D2A56E4EC00A3BF0F /* MoviesListRouter.swift */,
				DCB8DC0E2A56E4EC00A3BF0F /* MoviesListModel.swift */,
				DCB8DC0F2A56E4EC00A3BF0F /* MoviesListVC.swift */,
				DCB8DC102A56E4EC00A3BF0F /* MoviesListView.xib */,
			);
			path = MoviesList;
			sourceTree = "<group>";
		};
		DCBA8DDF2A54C8ED00B2E93F /* MovieDetails */ = {
			isa = PBXGroup;
			children = (
				DCB8DC182A56E65400A3BF0F /* MovieDetailsStoryboard.storyboard */,
				DCB8DC192A56E65400A3BF0F /* MovieDetailsContract.swift */,
				DCB8DC1A2A56E65400A3BF0F /* MovieDetailsPresenter.swift */,
				DCB8DC1B2A56E65400A3BF0F /* MovieDetailsRouter.swift */,
				DCB8DC1C2A56E65400A3BF0F /* MovieDetailsModel.swift */,
				DCB8DC1D2A56E65400A3BF0F /* MovieDetailsVC.swift */,
				DCB8DC1E2A56E65400A3BF0F /* MovieDetailsView.xib */,
			);
			path = MovieDetails;
			sourceTree = "<group>";
		};
/* End PBXGroup section */

/* Begin PBXNativeTarget section */
		77C5F4962534814100E70C4C /* BaseIOS */ = {
			isa = PBXNativeTarget;
			buildConfigurationList = 77C5F4AE2534814200E70C4C /* Build configuration list for PBXNativeTarget "BaseIOS" */;
			buildPhases = (
				E08A9C0475CE52799E5B313D /* [CP] Check Pods Manifest.lock */,
				77C5F4952534814100E70C4C /* Resources */,
				77C5F4942534814100E70C4C /* Frameworks */,
				7712A1FF25386FFB0072BAEC /* R.Swift */,
				6A5382CF6C1C97069C85A5D9 /* [CP] Embed Pods Frameworks */,
				77C5F4932534814100E70C4C /* Sources */,
			);
			buildRules = (
			);
			dependencies = (
			);
			name = BaseIOS;
			productName = BaseIOS;
			productReference = 77C5F4972534814100E70C4C /* MoviesList.app */;
			productType = "com.apple.product-type.application";
		};
/* End PBXNativeTarget section */

/* Begin PBXProject section */
		77C5F48F2534814100E70C4C /* Project object */ = {
			isa = PBXProject;
			attributes = {
				LastSwiftUpdateCheck = 1160;
				LastUpgradeCheck = 1220;
				ORGANIZATIONNAME = "";
				TargetAttributes = {
					77C5F4962534814100E70C4C = {
						CreatedOnToolsVersion = 11.6;
					};
				};
			};
			buildConfigurationList = 77C5F4922534814100E70C4C /* Build configuration list for PBXProject "MoviesListTask" */;
			compatibilityVersion = "Xcode 9.3";
			developmentRegion = en;
			hasScannedForEncodings = 0;
			knownRegions = (
				en,
				Base,
				ar,
			);
			mainGroup = 77C5F48E2534814100E70C4C;
			productRefGroup = 77C5F4982534814100E70C4C /* Products */;
			projectDirPath = "";
			projectRoot = "";
			targets = (
				77C5F4962534814100E70C4C /* BaseIOS */,
			);
		};
/* End PBXProject section */

/* Begin PBXResourcesBuildPhase section */
		77C5F4952534814100E70C4C /* Resources */ = {
			isa = PBXResourcesBuildPhase;
			buildActionMask = 2147483647;
			files = (
				7756A123253486D600BFE53C /* Colors.xcassets in Resources */,
				C82A28FA266FB79E0079D5DA /* SearchViewPicker.xib in Resources */,
				C8BABEFF26663D100080B058 /* NeoSansArabic-Light.ttf in Resources */,
				C8F358F2266E670A00FEE18B /* NetworkFailScreen.xib in Resources */,
				77C5F4AA2534814200E70C4C /* LaunchScreen.storyboard in Resources */,
				C8BABEFE26663D100080B058 /* NeoSansW23-Bold.ttf in Resources */,
				DCB8DC112A56E4EC00A3BF0F /* MoviesListStoryboard.storyboard in Resources */,
				77569F38253482C700BFE53C /* Localizable.strings in Resources */,
				77C5F4A72534814200E70C4C /* Assets.xcassets in Resources */,
				DCB8DC1F2A56E65400A3BF0F /* MovieDetailsStoryboard.storyboard in Resources */,
				C8BABEF926663D100080B058 /* EmptyScreen.xib in Resources */,
				C8BABEE826663D100080B058 /* MaintanceScreen.xib in Resources */,
				7756A096253482EF00BFE53C /* RadioView.xib in Resources */,
				DCB8DC272A56ECC200A3BF0F /* README.md in Resources */,
				7756A095253482EF00BFE53C /* Radio.xib in Resources */,
				DCB8DC172A56E4EC00A3BF0F /* MoviesListView.xib in Resources */,
				C8BABF0026663D100080B058 /* NeoSansArabic-Medium.ttf in Resources */,
				DCB8DC252A56E65400A3BF0F /* MovieDetailsView.xib in Resources */,
				C8BABF0126663D100080B058 /* NeoSansArabic-Regular.ttf in Resources */,
			);
			runOnlyForDeploymentPostprocessing = 0;
		};
/* End PBXResourcesBuildPhase section */

/* Begin PBXShellScriptBuildPhase section */
		6A5382CF6C1C97069C85A5D9 /* [CP] Embed Pods Frameworks */ = {
			isa = PBXShellScriptBuildPhase;
			buildActionMask = 2147483647;
			files = (
			);
			inputFileListPaths = (
				"${PODS_ROOT}/Target Support Files/Pods-BaseIOS/Pods-BaseIOS-frameworks-${CONFIGURATION}-input-files.xcfilelist",
			);
			name = "[CP] Embed Pods Frameworks";
			outputFileListPaths = (
				"${PODS_ROOT}/Target Support Files/Pods-BaseIOS/Pods-BaseIOS-frameworks-${CONFIGURATION}-output-files.xcfilelist",
			);
			runOnlyForDeploymentPostprocessing = 0;
			shellPath = /bin/sh;
			shellScript = "\"${PODS_ROOT}/Target Support Files/Pods-BaseIOS/Pods-BaseIOS-frameworks.sh\"\n";
			showEnvVarsInLog = 0;
		};
		7712A1FF25386FFB0072BAEC /* R.Swift */ = {
			isa = PBXShellScriptBuildPhase;
			buildActionMask = 2147483647;
			files = (
			);
			inputFileListPaths = (
			);
			inputPaths = (
				"$TEMP_DIR/rswift-lastrun",
			);
			name = R.Swift;
			outputFileListPaths = (
			);
			outputPaths = (
				$SRCROOT/R.generated.swift,
			);
			runOnlyForDeploymentPostprocessing = 0;
			shellPath = /bin/sh;
			shellScript = "# Type a script or drag a script file from your workspace to insert its path.\n\"$PODS_ROOT/R.swift/rswift\" generate \"$SRCROOT/R.generated.swift\"\n";
		};
		E08A9C0475CE52799E5B313D /* [CP] Check Pods Manifest.lock */ = {
			isa = PBXShellScriptBuildPhase;
			buildActionMask = 2147483647;
			files = (
			);
			inputFileListPaths = (
			);
			inputPaths = (
				"${PODS_PODFILE_DIR_PATH}/Podfile.lock",
				"${PODS_ROOT}/Manifest.lock",
			);
			name = "[CP] Check Pods Manifest.lock";
			outputFileListPaths = (
			);
			outputPaths = (
				"$(DERIVED_FILE_DIR)/Pods-BaseIOS-checkManifestLockResult.txt",
			);
			runOnlyForDeploymentPostprocessing = 0;
			shellPath = /bin/sh;
			shellScript = "diff \"${PODS_PODFILE_DIR_PATH}/Podfile.lock\" \"${PODS_ROOT}/Manifest.lock\" > /dev/null\nif [ $? != 0 ] ; then\n    # print error to STDERR\n    echo \"error: The sandbox is not in sync with the Podfile.lock. Run 'pod install' or update your CocoaPods installation.\" >&2\n    exit 1\nfi\n# This output is used by Xcode 'outputs' to avoid re-running this script phase.\necho \"SUCCESS\" > \"${SCRIPT_OUTPUT_FILE_0}\"\n";
			showEnvVarsInLog = 0;
		};
/* End PBXShellScriptBuildPhase section */

/* Begin PBXSourcesBuildPhase section */
		77C5F4932534814100E70C4C /* Sources */ = {
			isa = PBXSourcesBuildPhase;
			buildActionMask = 2147483647;
			files = (
				DCB8DC202A56E65400A3BF0F /* MovieDetailsContract.swift in Sources */,
				DCB8DC232A56E65400A3BF0F /* MovieDetailsModel.swift in Sources */,
				7756A116253482EF00BFE53C /* PresentingViewProtocol.swift in Sources */,
				7756A097253482EF00BFE53C /* RadioButton.swift in Sources */,
				7756A07D253482EF00BFE53C /* Errors.swift in Sources */,
				7756A089253482EF00BFE53C /* Downloader.swift in Sources */,
				7756A17025348AD400BFE53C /* UIApplicationExtensions.swift in Sources */,
				7756A17725348AD400BFE53C /* ArrayExtensions.swift in Sources */,
				7756A15C25348AD400BFE53C /* FloatingLabelTextField.swift in Sources */,
				C86BF91B2669473D002D87BC /* DateHelper.swift in Sources */,
				DCB8DC242A56E65400A3BF0F /* MovieDetailsVC.swift in Sources */,
				7756A18225348AD400BFE53C /* IntExtensions.swift in Sources */,
				C871480D266E691600AD75E8 /* Reachability.swift in Sources */,
				7756A0F6253482EF00BFE53C /* PublicHelper.swift in Sources */,
				7756A16825348AD400BFE53C /* UIViewControllerExtensions.swift in Sources */,
				C8F358EA266E669700FEE18B /* NetworkFailScreenContract.swift in Sources */,
				7756A117253482EF00BFE53C /* BaseViewControllerProtocol.swift in Sources */,
				C86BF91F26694765002D87BC /* UITabHelper.swift in Sources */,
				7756A17F25348AD400BFE53C /* DoubleExtensions.swift in Sources */,
				DCB8DC122A56E4EC00A3BF0F /* MoviesListContract.swift in Sources */,
				7756A15825348AD400BFE53C /* UISearchBarExtensions.swift in Sources */,
				7756A17E25348AD400BFE53C /* BoolExtensions.swift in Sources */,
				7756A0AC253482EF00BFE53C /* UIFont.swift in Sources */,
				7756A18125348AD400BFE53C /* FloatingPointExtensions.swift in Sources */,
				DCB8DC162A56E4EC00A3BF0F /* MoviesListVC.swift in Sources */,
				C8489AAF2677AD8100C56B9B /* StoredDefaults.swift in Sources */,
				C86BF91A2669473D002D87BC /* DateExtension.swift in Sources */,
				7756A087253482EF00BFE53C /* Authorization.swift in Sources */,
				C8BABF0226663D100080B058 /* UIFontEx.swift in Sources */,
				C82A28F4266FB2D40079D5DA /* SearchViewPickerContract.swift in Sources */,
				7756A08A253482EF00BFE53C /* Paginator.swift in Sources */,
				7756A18525348AD400BFE53C /* SwiftStdlibDeprecated.swift in Sources */,
				C8BABEE526663D100080B058 /* ThemeApp.swift in Sources */,
				C8BABEF826663D100080B058 /* EmptyScreen.swift in Sources */,
				7756A17925348AD400BFE53C /* FloatExtensions.swift in Sources */,
				7756A11D253482EF00BFE53C /* ExtensionUICollectionViewCell.swift in Sources */,
				77D130BE2535C79F00004E81 /* NetworkError.swift in Sources */,
				779030BE2534A34E00CFF76A /* TokenModel.swift in Sources */,
				7756A16125348AD400BFE53C /* UIConstraintLayoutExtension.swift in Sources */,
				C86BF9CF26694943002D87BC /* UserDefault.swift in Sources */,
				C86BF9D3266949DE002D87BC /* CheckBox.swift in Sources */,
				7756A118253482EF00BFE53C /* POPUPViewController.swift in Sources */,
				7756A17D25348AD400BFE53C /* StringExtensions.swift in Sources */,
				7756A15F25348AD400BFE53C /* UICollectionViewExtensions.swift in Sources */,
				7756A112253482EF00BFE53C /* PresenterProtocol.swift in Sources */,
				7756A16925348AD400BFE53C /* UIImageExtensions.swift in Sources */,
				C86BF911266945C4002D87BC /* LocationHelper.swift in Sources */,
				7756A18025348AD400BFE53C /* CharacterExtensions.swift in Sources */,
				7756A17B25348AD400BFE53C /* SignedNumericExtensions.swift in Sources */,
				7756A08E253482EF00BFE53C /* NetworkConfigration.swift in Sources */,
				23E16A2B2667A843001048E5 /* GalleryPickerDelegate.swift in Sources */,
				7756A18325348AD400BFE53C /* OptionalExtensions.swift in Sources */,
				77C5F49B2534814100E70C4C /* AppDelegate.swift in Sources */,
				77D130BC2535C2D800004E81 /* NetworkResponse.swift in Sources */,
				7756A07C253482EF00BFE53C /* BaseModel.swift in Sources */,
				C86BF914266945E3002D87BC /* LocationDelegate.swift in Sources */,
				7756A115253482EF00BFE53C /* BaseController.swift in Sources */,
				77F67C27253C15030004318A /* RouterProtocol.swift in Sources */,
				C8BABEFA26663D100080B058 /* EmptyScreenContract.swift in Sources */,
				7756A17225348AD400BFE53C /* UIAlertControllerExtensions.swift in Sources */,
				7756A0F8253482EF00BFE53C /* NavigateMapHelper.swift in Sources */,
				7756A16E25348AD400BFE53C /* UISwitchExtensions.swift in Sources */,
				DCB8DC152A56E4EC00A3BF0F /* MoviesListModel.swift in Sources */,
				C8489AB32677ADA400C56B9B /* Defaults.swift in Sources */,
				7756A16A25348AD400BFE53C /* UINavigationControllerExtensions.swift in Sources */,
				7756A15925348AD400BFE53C /* UITableViewExtensions.swift in Sources */,
				DCB8DC222A56E65400A3BF0F /* MovieDetailsRouter.swift in Sources */,
				C82A28F9266FB79E0079D5DA /* SearchViewPicker.swift in Sources */,
				C8BABEE726663D100080B058 /* MaintanceScreen.swift in Sources */,
				7756A11B253482EF00BFE53C /* ExtensionUITableViewCell.swift in Sources */,
				7756A093253482EF00BFE53C /* UIView+AutoLayoutHelper.swift in Sources */,
				7756A15B25348AD400BFE53C /* UITextFieldExtensions.swift in Sources */,
				C8BABEE626663D100080B058 /* MaintanceScreenContract.swift in Sources */,
				7756A094253482EF00BFE53C /* RadioView.swift in Sources */,
				7756A07B253482EF00BFE53C /* User.swift in Sources */,
				7756A17625348AD400BFE53C /* SignedIntegerExtensions.swift in Sources */,
				236E198D2670F380001A9C46 /* UICollectionViewEx.swift in Sources */,
				DCB8DC132A56E4EC00A3BF0F /* MoviesListPresenter.swift in Sources */,
				7756A10E253482EF00BFE53C /* LanguangeEnum.swift in Sources */,
				DCB8DC142A56E4EC00A3BF0F /* MoviesListRouter.swift in Sources */,
				7756A08B253482EF00BFE53C /* ApiHelpers.swift in Sources */,
				7756A113253482EF00BFE53C /* BasePresenter.swift in Sources */,
				7756A17C25348AD400BFE53C /* DictionaryExtensions.swift in Sources */,
				7756A18425348AD400BFE53C /* CollectionExtensions.swift in Sources */,
				C8F358EE266E66C800FEE18B /* NetworkFailScreen.swift in Sources */,
				7756A16B25348AD400BFE53C /* UIViewExtensions.swift in Sources */,
				7712A2142538728B0072BAEC /* R.generated.swift in Sources */,
				23E16A232667A819001048E5 /* GalleryPickerHelper.swift in Sources */,
				7756A17A25348AD400BFE53C /* SequenceExtensions.swift in Sources */,
				7756A10C253482EF00BFE53C /* Localization.swift in Sources */,
				7756A17825348AD400BFE53C /* StringProtocolExtensions.swift in Sources */,
				DCB8DC212A56E65400A3BF0F /* MovieDetailsPresenter.swift in Sources */,
				7756A08D253482EF00BFE53C /* NetworkManager.swift in Sources */,
				C8BABEBA26663CC00080B058 /* UIViewController+EX.swift in Sources */,
				7756A0F7253482EF00BFE53C /* AlertableHelper.swift in Sources */,
				779030C12534A53000CFF76A /* Router.swift in Sources */,
				236E198C2670F380001A9C46 /* UITableViewEx.swift in Sources */,
				7756A110253482EF00BFE53C /* UILocalizationExtensions.swift in Sources */,
				7756A11C253482EF00BFE53C /* CellProtocol.swift in Sources */,
				7756A08C253482EF00BFE53C /* BaseNetworkManager.swift in Sources */,
				7756A17125348AD400BFE53C /* UIImageViewExtensions.swift in Sources */,
			);
			runOnlyForDeploymentPostprocessing = 0;
		};
/* End PBXSourcesBuildPhase section */

/* Begin PBXVariantGroup section */
		77569F36253482C700BFE53C /* Localizable.strings */ = {
			isa = PBXVariantGroup;
			children = (
				77569F37253482C700BFE53C /* en */,
				77569F39253482CC00BFE53C /* ar */,
			);
			name = Localizable.strings;
			sourceTree = "<group>";
		};
		77C5F4A82534814200E70C4C /* LaunchScreen.storyboard */ = {
			isa = PBXVariantGroup;
			children = (
				77C5F4A92534814200E70C4C /* Base */,
			);
			name = LaunchScreen.storyboard;
			sourceTree = "<group>";
		};
/* End PBXVariantGroup section */

/* Begin XCBuildConfiguration section */
		77C5F4AC2534814200E70C4C /* Debug */ = {
			isa = XCBuildConfiguration;
			buildSettings = {
				ALWAYS_SEARCH_USER_PATHS = NO;
				CLANG_ANALYZER_LOCALIZABILITY_NONLOCALIZED = YES;
				CLANG_ANALYZER_NONNULL = YES;
				CLANG_ANALYZER_NUMBER_OBJECT_CONVERSION = YES_AGGRESSIVE;
				CLANG_CXX_LANGUAGE_STANDARD = "gnu++14";
				CLANG_CXX_LIBRARY = "libc++";
				CLANG_ENABLE_MODULES = YES;
				CLANG_ENABLE_OBJC_ARC = YES;
				CLANG_ENABLE_OBJC_WEAK = YES;
				CLANG_WARN_BLOCK_CAPTURE_AUTORELEASING = YES;
				CLANG_WARN_BOOL_CONVERSION = YES;
				CLANG_WARN_COMMA = YES;
				CLANG_WARN_CONSTANT_CONVERSION = YES;
				CLANG_WARN_DEPRECATED_OBJC_IMPLEMENTATIONS = YES;
				CLANG_WARN_DIRECT_OBJC_ISA_USAGE = YES_ERROR;
				CLANG_WARN_DOCUMENTATION_COMMENTS = YES;
				CLANG_WARN_EMPTY_BODY = YES;
				CLANG_WARN_ENUM_CONVERSION = YES;
				CLANG_WARN_INFINITE_RECURSION = YES;
				CLANG_WARN_INT_CONVERSION = YES;
				CLANG_WARN_NON_LITERAL_NULL_CONVERSION = YES;
				CLANG_WARN_OBJC_IMPLICIT_RETAIN_SELF = YES;
				CLANG_WARN_OBJC_LITERAL_CONVERSION = YES;
				CLANG_WARN_OBJC_ROOT_CLASS = YES_ERROR;
				CLANG_WARN_QUOTED_INCLUDE_IN_FRAMEWORK_HEADER = YES;
				CLANG_WARN_RANGE_LOOP_ANALYSIS = YES;
				CLANG_WARN_STRICT_PROTOTYPES = YES;
				CLANG_WARN_SUSPICIOUS_MOVE = YES;
				CLANG_WARN_UNGUARDED_AVAILABILITY = YES_AGGRESSIVE;
				CLANG_WARN_UNREACHABLE_CODE = YES;
				CLANG_WARN__DUPLICATE_METHOD_MATCH = YES;
				COPY_PHASE_STRIP = NO;
				DEBUG_INFORMATION_FORMAT = dwarf;
				ENABLE_STRICT_OBJC_MSGSEND = YES;
				ENABLE_TESTABILITY = YES;
				GCC_C_LANGUAGE_STANDARD = gnu11;
				GCC_DYNAMIC_NO_PIC = NO;
				GCC_NO_COMMON_BLOCKS = YES;
				GCC_OPTIMIZATION_LEVEL = 0;
				GCC_PREPROCESSOR_DEFINITIONS = (
					"DEBUG=1",
					"$(inherited)",
				);
				GCC_WARN_64_TO_32_BIT_CONVERSION = YES;
				GCC_WARN_ABOUT_RETURN_TYPE = YES_ERROR;
				GCC_WARN_UNDECLARED_SELECTOR = YES;
				GCC_WARN_UNINITIALIZED_AUTOS = YES_AGGRESSIVE;
				GCC_WARN_UNUSED_FUNCTION = YES;
				GCC_WARN_UNUSED_VARIABLE = YES;
				IPHONEOS_DEPLOYMENT_TARGET = 13.6;
				MTL_ENABLE_DEBUG_INFO = INCLUDE_SOURCE;
				MTL_FAST_MATH = YES;
				ONLY_ACTIVE_ARCH = YES;
				SDKROOT = iphoneos;
				SWIFT_ACTIVE_COMPILATION_CONDITIONS = DEBUG;
				SWIFT_OPTIMIZATION_LEVEL = "-Onone";
			};
			name = Debug;
		};
		77C5F4AD2534814200E70C4C /* Release */ = {
			isa = XCBuildConfiguration;
			buildSettings = {
				ALWAYS_SEARCH_USER_PATHS = NO;
				CLANG_ANALYZER_LOCALIZABILITY_NONLOCALIZED = YES;
				CLANG_ANALYZER_NONNULL = YES;
				CLANG_ANALYZER_NUMBER_OBJECT_CONVERSION = YES_AGGRESSIVE;
				CLANG_CXX_LANGUAGE_STANDARD = "gnu++14";
				CLANG_CXX_LIBRARY = "libc++";
				CLANG_ENABLE_MODULES = YES;
				CLANG_ENABLE_OBJC_ARC = YES;
				CLANG_ENABLE_OBJC_WEAK = YES;
				CLANG_WARN_BLOCK_CAPTURE_AUTORELEASING = YES;
				CLANG_WARN_BOOL_CONVERSION = YES;
				CLANG_WARN_COMMA = YES;
				CLANG_WARN_CONSTANT_CONVERSION = YES;
				CLANG_WARN_DEPRECATED_OBJC_IMPLEMENTATIONS = YES;
				CLANG_WARN_DIRECT_OBJC_ISA_USAGE = YES_ERROR;
				CLANG_WARN_DOCUMENTATION_COMMENTS = YES;
				CLANG_WARN_EMPTY_BODY = YES;
				CLANG_WARN_ENUM_CONVERSION = YES;
				CLANG_WARN_INFINITE_RECURSION = YES;
				CLANG_WARN_INT_CONVERSION = YES;
				CLANG_WARN_NON_LITERAL_NULL_CONVERSION = YES;
				CLANG_WARN_OBJC_IMPLICIT_RETAIN_SELF = YES;
				CLANG_WARN_OBJC_LITERAL_CONVERSION = YES;
				CLANG_WARN_OBJC_ROOT_CLASS = YES_ERROR;
				CLANG_WARN_QUOTED_INCLUDE_IN_FRAMEWORK_HEADER = YES;
				CLANG_WARN_RANGE_LOOP_ANALYSIS = YES;
				CLANG_WARN_STRICT_PROTOTYPES = YES;
				CLANG_WARN_SUSPICIOUS_MOVE = YES;
				CLANG_WARN_UNGUARDED_AVAILABILITY = YES_AGGRESSIVE;
				CLANG_WARN_UNREACHABLE_CODE = YES;
				CLANG_WARN__DUPLICATE_METHOD_MATCH = YES;
				COPY_PHASE_STRIP = NO;
				DEBUG_INFORMATION_FORMAT = "dwarf-with-dsym";
				ENABLE_NS_ASSERTIONS = NO;
				ENABLE_STRICT_OBJC_MSGSEND = YES;
				GCC_C_LANGUAGE_STANDARD = gnu11;
				GCC_NO_COMMON_BLOCKS = YES;
				GCC_WARN_64_TO_32_BIT_CONVERSION = YES;
				GCC_WARN_ABOUT_RETURN_TYPE = YES_ERROR;
				GCC_WARN_UNDECLARED_SELECTOR = YES;
				GCC_WARN_UNINITIALIZED_AUTOS = YES_AGGRESSIVE;
				GCC_WARN_UNUSED_FUNCTION = YES;
				GCC_WARN_UNUSED_VARIABLE = YES;
				IPHONEOS_DEPLOYMENT_TARGET = 13.6;
				MTL_ENABLE_DEBUG_INFO = NO;
				MTL_FAST_MATH = YES;
				SDKROOT = iphoneos;
				SWIFT_COMPILATION_MODE = wholemodule;
				SWIFT_OPTIMIZATION_LEVEL = "-O";
				VALIDATE_PRODUCT = YES;
			};
			name = Release;
		};
		77C5F4AF2534814200E70C4C /* Debug */ = {
			isa = XCBuildConfiguration;
			baseConfigurationReference = CCAEAE7FBFDB11CBC3EAE174 /* Pods-BaseIOS.debug.xcconfig */;
			buildSettings = {
				ASSETCATALOG_COMPILER_APPICON_NAME = AppIcon;
				CODE_SIGN_STYLE = Automatic;
				CURRENT_PROJECT_VERSION = 100;
				DEVELOPMENT_TEAM = K46AZLJSLS;
				INFOPLIST_FILE = MoviesListTask/Application/SupportFiles/Info.plist;
				IPHONEOS_DEPLOYMENT_TARGET = 13.6;
				LD_RUNPATH_SEARCH_PATHS = (
					"$(inherited)",
					"@executable_path/Frameworks",
				);
				MARKETING_VERSION = 1.0.0;
				PRODUCT_BUNDLE_IDENTIFIER = MoviesListTask;
				PRODUCT_NAME = MoviesList;
				SWIFT_VERSION = 5.0;
				TARGETED_DEVICE_FAMILY = "1,2";
				VERSIONING_SYSTEM = "apple-generic";
			};
			name = Debug;
		};
		77C5F4B02534814200E70C4C /* Release */ = {
			isa = XCBuildConfiguration;
			baseConfigurationReference = 3D9812F0426A5F8B57F1CA30 /* Pods-BaseIOS.release.xcconfig */;
			buildSettings = {
				ASSETCATALOG_COMPILER_APPICON_NAME = AppIcon;
				CODE_SIGN_STYLE = Automatic;
				CURRENT_PROJECT_VERSION = 100;
				DEVELOPMENT_TEAM = K46AZLJSLS;
				INFOPLIST_FILE = MoviesListTask/Application/SupportFiles/Info.plist;
				IPHONEOS_DEPLOYMENT_TARGET = 13.6;
				LD_RUNPATH_SEARCH_PATHS = (
					"$(inherited)",
					"@executable_path/Frameworks",
				);
				MARKETING_VERSION = 1.0.0;
				PRODUCT_BUNDLE_IDENTIFIER = MoviesListTask;
				PRODUCT_NAME = MoviesList;
				SWIFT_VERSION = 5.0;
				TARGETED_DEVICE_FAMILY = "1,2";
				VERSIONING_SYSTEM = "apple-generic";
			};
			name = Release;
		};
/* End XCBuildConfiguration section */

/* Begin XCConfigurationList section */
		77C5F4922534814100E70C4C /* Build configuration list for PBXProject "MoviesListTask" */ = {
			isa = XCConfigurationList;
			buildConfigurations = (
				77C5F4AC2534814200E70C4C /* Debug */,
				77C5F4AD2534814200E70C4C /* Release */,
			);
			defaultConfigurationIsVisible = 0;
			defaultConfigurationName = Release;
		};
		77C5F4AE2534814200E70C4C /* Build configuration list for PBXNativeTarget "BaseIOS" */ = {
			isa = XCConfigurationList;
			buildConfigurations = (
				77C5F4AF2534814200E70C4C /* Debug */,
				77C5F4B02534814200E70C4C /* Release */,
			);
			defaultConfigurationIsVisible = 0;
			defaultConfigurationName = Release;
		};
/* End XCConfigurationList section */
	};
	rootObject = 77C5F48F2534814100E70C4C /* Project object */;
}
